// !$*UTF8*$!
{
	archiveVersion = 1;
	classes = {
	};
	objectVersion = 50;
	objects = {

/* Begin PBXBuildFile section */
		659FFA07264EB0C00063B962 /* AppDelegate.swift in Sources */ = {isa = PBXBuildFile; fileRef = 659FFA06264EB0C00063B962 /* AppDelegate.swift */; };
		659FFA09264EB0C00063B962 /* SceneDelegate.swift in Sources */ = {isa = PBXBuildFile; fileRef = 659FFA08264EB0C00063B962 /* SceneDelegate.swift */; };
		659FFA0B264EB0C00063B962 /* ViewController.swift in Sources */ = {isa = PBXBuildFile; fileRef = 659FFA0A264EB0C00063B962 /* ViewController.swift */; };
		659FFA0E264EB0C00063B962 /* Main.storyboard in Resources */ = {isa = PBXBuildFile; fileRef = 659FFA0C264EB0C00063B962 /* Main.storyboard */; };
		659FFA10264EB0C30063B962 /* Assets.xcassets in Resources */ = {isa = PBXBuildFile; fileRef = 659FFA0F264EB0C30063B962 /* Assets.xcassets */; };
		659FFA13264EB0C30063B962 /* LaunchScreen.storyboard in Resources */ = {isa = PBXBuildFile; fileRef = 659FFA11264EB0C30063B962 /* LaunchScreen.storyboard */; };
		659FFA1E264EB0C30063B962 /* GithubSearchTests.swift in Sources */ = {isa = PBXBuildFile; fileRef = 659FFA1D264EB0C30063B962 /* GithubSearchTests.swift */; };
		659FFA29264EB0C30063B962 /* GithubSearchUITests.swift in Sources */ = {isa = PBXBuildFile; fileRef = 659FFA28264EB0C30063B962 /* GithubSearchUITests.swift */; };
/* End PBXBuildFile section */

/* Begin PBXContainerItemProxy section */
		659FFA1A264EB0C30063B962 /* PBXContainerItemProxy */ = {
			isa = PBXContainerItemProxy;
			containerPortal = 659FF9FB264EB0C00063B962 /* Project object */;
			proxyType = 1;
			remoteGlobalIDString = 659FFA02264EB0C00063B962;
			remoteInfo = GithubSearch;
		};
		659FFA25264EB0C30063B962 /* PBXContainerItemProxy */ = {
			isa = PBXContainerItemProxy;
			containerPortal = 659FF9FB264EB0C00063B962 /* Project object */;
			proxyType = 1;
			remoteGlobalIDString = 659FFA02264EB0C00063B962;
			remoteInfo = GithubSearch;
		};
/* End PBXContainerItemProxy section */

/* Begin PBXFileReference section */
		659FFA03264EB0C00063B962 /* GithubSearch.app */ = {isa = PBXFileReference; explicitFileType = wrapper.application; includeInIndex = 0; path = GithubSearch.app; sourceTree = BUILT_PRODUCTS_DIR; };
		659FFA06264EB0C00063B962 /* AppDelegate.swift */ = {isa = PBXFileReference; lastKnownFileType = sourcecode.swift; path = AppDelegate.swift; sourceTree = "<group>"; };
		659FFA08264EB0C00063B962 /* SceneDelegate.swift */ = {isa = PBXFileReference; lastKnownFileType = sourcecode.swift; path = SceneDelegate.swift; sourceTree = "<group>"; };
		659FFA0A264EB0C00063B962 /* ViewController.swift */ = {isa = PBXFileReference; lastKnownFileType = sourcecode.swift; path = ViewController.swift; sourceTree = "<group>"; };
		659FFA0D264EB0C00063B962 /* Base */ = {isa = PBXFileReference; lastKnownFileType = file.storyboard; name = Base; path = Base.lproj/Main.storyboard; sourceTree = "<group>"; };
		659FFA0F264EB0C30063B962 /* Assets.xcassets */ = {isa = PBXFileReference; lastKnownFileType = folder.assetcatalog; path = Assets.xcassets; sourceTree = "<group>"; };
		659FFA12264EB0C30063B962 /* Base */ = {isa = PBXFileReference; lastKnownFileType = file.storyboard; name = Base; path = Base.lproj/LaunchScreen.storyboard; sourceTree = "<group>"; };
		659FFA14264EB0C30063B962 /* Info.plist */ = {isa = PBXFileReference; lastKnownFileType = text.plist.xml; path = Info.plist; sourceTree = "<group>"; };
		659FFA19264EB0C30063B962 /* GithubSearchTests.xctest */ = {isa = PBXFileReference; explicitFileType = wrapper.cfbundle; includeInIndex = 0; path = GithubSearchTests.xctest; sourceTree = BUILT_PRODUCTS_DIR; };
		659FFA1D264EB0C30063B962 /* GithubSearchTests.swift */ = {isa = PBXFileReference; lastKnownFileType = sourcecode.swift; path = GithubSearchTests.swift; sourceTree = "<group>"; };
		659FFA1F264EB0C30063B962 /* Info.plist */ = {isa = PBXFileReference; lastKnownFileType = text.plist.xml; path = Info.plist; sourceTree = "<group>"; };
		659FFA24264EB0C30063B962 /* GithubSearchUITests.xctest */ = {isa = PBXFileReference; explicitFileType = wrapper.cfbundle; includeInIndex = 0; path = GithubSearchUITests.xctest; sourceTree = BUILT_PRODUCTS_DIR; };
		659FFA28264EB0C30063B962 /* GithubSearchUITests.swift */ = {isa = PBXFileReference; lastKnownFileType = sourcecode.swift; path = GithubSearchUITests.swift; sourceTree = "<group>"; };
		659FFA2A264EB0C30063B962 /* Info.plist */ = {isa = PBXFileReference; lastKnownFileType = text.plist.xml; path = Info.plist; sourceTree = "<group>"; };
/* End PBXFileReference section */

/* Begin PBXFrameworksBuildPhase section */
		659FFA00264EB0C00063B962 /* Frameworks */ = {
			isa = PBXFrameworksBuildPhase;
			buildActionMask = 2147483647;
			files = (
			);
			runOnlyForDeploymentPostprocessing = 0;
		};
		659FFA16264EB0C30063B962 /* Frameworks */ = {
			isa = PBXFrameworksBuildPhase;
			buildActionMask = 2147483647;
			files = (
			);
			runOnlyForDeploymentPostprocessing = 0;
		};
		659FFA21264EB0C30063B962 /* Frameworks */ = {
			isa = PBXFrameworksBuildPhase;
			buildActionMask = 2147483647;
			files = (
			);
			runOnlyForDeploymentPostprocessing = 0;
		};
/* End PBXFrameworksBuildPhase section */

/* Begin PBXGroup section */
		659FF9FA264EB0C00063B962 = {
			isa = PBXGroup;
			children = (
				659FFA05264EB0C00063B962 /* GithubSearch */,
				659FFA1C264EB0C30063B962 /* GithubSearchTests */,
				659FFA27264EB0C30063B962 /* GithubSearchUITests */,
				659FFA04264EB0C00063B962 /* Products */,
			);
			sourceTree = "<group>";
		};
		659FFA04264EB0C00063B962 /* Products */ = {
			isa = PBXGroup;
			children = (
				659FFA03264EB0C00063B962 /* GithubSearch.app */,
				659FFA19264EB0C30063B962 /* GithubSearchTests.xctest */,
				659FFA24264EB0C30063B962 /* GithubSearchUITests.xctest */,
			);
			name = Products;
			sourceTree = "<group>";
		};
		659FFA05264EB0C00063B962 /* GithubSearch */ = {
			isa = PBXGroup;
			children = (
				659FFA06264EB0C00063B962 /* AppDelegate.swift */,
				659FFA08264EB0C00063B962 /* SceneDelegate.swift */,
				659FFA0A264EB0C00063B962 /* ViewController.swift */,
				659FFA0C264EB0C00063B962 /* Main.storyboard */,
				659FFA0F264EB0C30063B962 /* Assets.xcassets */,
				659FFA11264EB0C30063B962 /* LaunchScreen.storyboard */,
				659FFA14264EB0C30063B962 /* Info.plist */,
			);
			path = GithubSearch;
			sourceTree = "<group>";
		};
		659FFA1C264EB0C30063B962 /* GithubSearchTests */ = {
			isa = PBXGroup;
			children = (
				659FFA1D264EB0C30063B962 /* GithubSearchTests.swift */,
				659FFA1F264EB0C30063B962 /* Info.plist */,
			);
			path = GithubSearchTests;
			sourceTree = "<group>";
		};
		659FFA27264EB0C30063B962 /* GithubSearchUITests */ = {
			isa = PBXGroup;
			children = (
				659FFA28264EB0C30063B962 /* GithubSearchUITests.swift */,
				659FFA2A264EB0C30063B962 /* Info.plist */,
			);
			path = GithubSearchUITests;
			sourceTree = "<group>";
		};
/* End PBXGroup section */

/* Begin PBXNativeTarget section */
		659FFA02264EB0C00063B962 /* GithubSearch */ = {
			isa = PBXNativeTarget;
			buildConfigurationList = 659FFA2D264EB0C30063B962 /* Build configuration list for PBXNativeTarget "GithubSearch" */;
			buildPhases = (
				659FF9FF264EB0C00063B962 /* Sources */,
				659FFA00264EB0C00063B962 /* Frameworks */,
				659FFA01264EB0C00063B962 /* Resources */,
			);
			buildRules = (
			);
			dependencies = (
			);
			name = GithubSearch;
			productName = GithubSearch;
			productReference = 659FFA03264EB0C00063B962 /* GithubSearch.app */;
			productType = "com.apple.product-type.application";
		};
		659FFA18264EB0C30063B962 /* GithubSearchTests */ = {
			isa = PBXNativeTarget;
			buildConfigurationList = 659FFA30264EB0C30063B962 /* Build configuration list for PBXNativeTarget "GithubSearchTests" */;
			buildPhases = (
				659FFA15264EB0C30063B962 /* Sources */,
				659FFA16264EB0C30063B962 /* Frameworks */,
				659FFA17264EB0C30063B962 /* Resources */,
			);
			buildRules = (
			);
			dependencies = (
				659FFA1B264EB0C30063B962 /* PBXTargetDependency */,
			);
			name = GithubSearchTests;
			productName = GithubSearchTests;
			productReference = 659FFA19264EB0C30063B962 /* GithubSearchTests.xctest */;
			productType = "com.apple.product-type.bundle.unit-test";
		};
		659FFA23264EB0C30063B962 /* GithubSearchUITests */ = {
			isa = PBXNativeTarget;
			buildConfigurationList = 659FFA33264EB0C30063B962 /* Build configuration list for PBXNativeTarget "GithubSearchUITests" */;
			buildPhases = (
				659FFA20264EB0C30063B962 /* Sources */,
				659FFA21264EB0C30063B962 /* Frameworks */,
				659FFA22264EB0C30063B962 /* Resources */,
			);
			buildRules = (
			);
			dependencies = (
				659FFA26264EB0C30063B962 /* PBXTargetDependency */,
			);
			name = GithubSearchUITests;
			productName = GithubSearchUITests;
			productReference = 659FFA24264EB0C30063B962 /* GithubSearchUITests.xctest */;
			productType = "com.apple.product-type.bundle.ui-testing";
		};
/* End PBXNativeTarget section */

/* Begin PBXProject section */
		659FF9FB264EB0C00063B962 /* Project object */ = {
			isa = PBXProject;
			attributes = {
				LastSwiftUpdateCheck = 1250;
				LastUpgradeCheck = 1250;
				TargetAttributes = {
					659FFA02264EB0C00063B962 = {
						CreatedOnToolsVersion = 12.5;
					};
					659FFA18264EB0C30063B962 = {
						CreatedOnToolsVersion = 12.5;
						TestTargetID = 659FFA02264EB0C00063B962;
					};
					659FFA23264EB0C30063B962 = {
						CreatedOnToolsVersion = 12.5;
						TestTargetID = 659FFA02264EB0C00063B962;
					};
				};
			};
			buildConfigurationList = 659FF9FE264EB0C00063B962 /* Build configuration list for PBXProject "GithubSearch" */;
			compatibilityVersion = "Xcode 9.3";
			developmentRegion = en;
			hasScannedForEncodings = 0;
			knownRegions = (
				en,
				Base,
			);
			mainGroup = 659FF9FA264EB0C00063B962;
			productRefGroup = 659FFA04264EB0C00063B962 /* Products */;
			projectDirPath = "";
			projectRoot = "";
			targets = (
				659FFA02264EB0C00063B962 /* GithubSearch */,
				659FFA18264EB0C30063B962 /* GithubSearchTests */,
				659FFA23264EB0C30063B962 /* GithubSearchUITests */,
			);
		};
/* End PBXProject section */

/* Begin PBXResourcesBuildPhase section */
		659FFA01264EB0C00063B962 /* Resources */ = {
			isa = PBXResourcesBuildPhase;
			buildActionMask = 2147483647;
			files = (
				659FFA13264EB0C30063B962 /* LaunchScreen.storyboard in Resources */,
				659FFA10264EB0C30063B962 /* Assets.xcassets in Resources */,
				659FFA0E264EB0C00063B962 /* Main.storyboard in Resources */,
			);
			runOnlyForDeploymentPostprocessing = 0;
		};
		659FFA17264EB0C30063B962 /* Resources */ = {
			isa = PBXResourcesBuildPhase;
			buildActionMask = 2147483647;
			files = (
			);
			runOnlyForDeploymentPostprocessing = 0;
		};
		659FFA22264EB0C30063B962 /* Resources */ = {
			isa = PBXResourcesBuildPhase;
			buildActionMask = 2147483647;
			files = (
			);
			runOnlyForDeploymentPostprocessing = 0;
		};
/* End PBXResourcesBuildPhase section */

/* Begin PBXSourcesBuildPhase section */
		659FF9FF264EB0C00063B962 /* Sources */ = {
			isa = PBXSourcesBuildPhase;
			buildActionMask = 2147483647;
			files = (
				659FFA0B264EB0C00063B962 /* ViewController.swift in Sources */,
				659FFA07264EB0C00063B962 /* AppDelegate.swift in Sources */,
				659FFA09264EB0C00063B962 /* SceneDelegate.swift in Sources */,
			);
			runOnlyForDeploymentPostprocessing = 0;
		};
		659FFA15264EB0C30063B962 /* Sources */ = {
			isa = PBXSourcesBuildPhase;
			buildActionMask = 2147483647;
			files = (
				659FFA1E264EB0C30063B962 /* GithubSearchTests.swift in Sources */,
			);
			runOnlyForDeploymentPostprocessing = 0;
		};
		659FFA20264EB0C30063B962 /* Sources */ = {
			isa = PBXSourcesBuildPhase;
			buildActionMask = 2147483647;
			files = (
				659FFA29264EB0C30063B962 /* GithubSearchUITests.swift in Sources */,
			);
			runOnlyForDeploymentPostprocessing = 0;
		};
/* End PBXSourcesBuildPhase section */

/* Begin PBXTargetDependency section */
		659FFA1B264EB0C30063B962 /* PBXTargetDependency */ = {
			isa = PBXTargetDependency;
			target = 659FFA02264EB0C00063B962 /* GithubSearch */;
			targetProxy = 659FFA1A264EB0C30063B962 /* PBXContainerItemProxy */;
		};
		659FFA26264EB0C30063B962 /* PBXTargetDependency */ = {
			isa = PBXTargetDependency;
			target = 659FFA02264EB0C00063B962 /* GithubSearch */;
			targetProxy = 659FFA25264EB0C30063B962 /* PBXContainerItemProxy */;
		};
/* End PBXTargetDependency section */

/* Begin PBXVariantGroup section */
		659FFA0C264EB0C00063B962 /* Main.storyboard */ = {
			isa = PBXVariantGroup;
			children = (
				659FFA0D264EB0C00063B962 /* Base */,
			);
			name = Main.storyboard;
			sourceTree = "<group>";
		};
		659FFA11264EB0C30063B962 /* LaunchScreen.storyboard */ = {
			isa = PBXVariantGroup;
			children = (
				659FFA12264EB0C30063B962 /* Base */,
			);
			name = LaunchScreen.storyboard;
			sourceTree = "<group>";
		};
/* End PBXVariantGroup section */

/* Begin XCBuildConfiguration section */
		659FFA2B264EB0C30063B962 /* Debug */ = {
			isa = XCBuildConfiguration;
			buildSettings = {
				ALWAYS_SEARCH_USER_PATHS = NO;
				CLANG_ANALYZER_NONNULL = YES;
				CLANG_ANALYZER_NUMBER_OBJECT_CONVERSION = YES_AGGRESSIVE;
				CLANG_CXX_LANGUAGE_STANDARD = "gnu++14";
				CLANG_CXX_LIBRARY = "libc++";
				CLANG_ENABLE_MODULES = YES;
				CLANG_ENABLE_OBJC_ARC = YES;
				CLANG_ENABLE_OBJC_WEAK = YES;
				CLANG_WARN_BLOCK_CAPTURE_AUTORELEASING = YES;
				CLANG_WARN_BOOL_CONVERSION = YES;
				CLANG_WARN_COMMA = YES;
				CLANG_WARN_CONSTANT_CONVERSION = YES;
				CLANG_WARN_DEPRECATED_OBJC_IMPLEMENTATIONS = YES;
				CLANG_WARN_DIRECT_OBJC_ISA_USAGE = YES_ERROR;
				CLANG_WARN_DOCUMENTATION_COMMENTS = YES;
				CLANG_WARN_EMPTY_BODY = YES;
				CLANG_WARN_ENUM_CONVERSION = YES;
				CLANG_WARN_INFINITE_RECURSION = YES;
				CLANG_WARN_INT_CONVERSION = YES;
				CLANG_WARN_NON_LITERAL_NULL_CONVERSION = YES;
				CLANG_WARN_OBJC_IMPLICIT_RETAIN_SELF = YES;
				CLANG_WARN_OBJC_LITERAL_CONVERSION = YES;
				CLANG_WARN_OBJC_ROOT_CLASS = YES_ERROR;
				CLANG_WARN_QUOTED_INCLUDE_IN_FRAMEWORK_HEADER = YES;
				CLANG_WARN_RANGE_LOOP_ANALYSIS = YES;
				CLANG_WARN_STRICT_PROTOTYPES = YES;
				CLANG_WARN_SUSPICIOUS_MOVE = YES;
				CLANG_WARN_UNGUARDED_AVAILABILITY = YES_AGGRESSIVE;
				CLANG_WARN_UNREACHABLE_CODE = YES;
				CLANG_WARN__DUPLICATE_METHOD_MATCH = YES;
				COPY_PHASE_STRIP = NO;
				DEBUG_INFORMATION_FORMAT = dwarf;
				ENABLE_STRICT_OBJC_MSGSEND = YES;
				ENABLE_TESTABILITY = YES;
				GCC_C_LANGUAGE_STANDARD = gnu11;
				GCC_DYNAMIC_NO_PIC = NO;
				GCC_NO_COMMON_BLOCKS = YES;
				GCC_OPTIMIZATION_LEVEL = 0;
				GCC_PREPROCESSOR_DEFINITIONS = (
					"DEBUG=1",
					"$(inherited)",
				);
				GCC_WARN_64_TO_32_BIT_CONVERSION = YES;
				GCC_WARN_ABOUT_RETURN_TYPE = YES_ERROR;
				GCC_WARN_UNDECLARED_SELECTOR = YES;
				GCC_WARN_UNINITIALIZED_AUTOS = YES_AGGRESSIVE;
				GCC_WARN_UNUSED_FUNCTION = YES;
				GCC_WARN_UNUSED_VARIABLE = YES;
				IPHONEOS_DEPLOYMENT_TARGET = 14.5;
				MTL_ENABLE_DEBUG_INFO = INCLUDE_SOURCE;
				MTL_FAST_MATH = YES;
				ONLY_ACTIVE_ARCH = YES;
				SDKROOT = iphoneos;
				SWIFT_ACTIVE_COMPILATION_CONDITIONS = DEBUG;
				SWIFT_OPTIMIZATION_LEVEL = "-Onone";
			};
			name = Debug;
		};
		659FFA2C264EB0C30063B962 /* Release */ = {
			isa = XCBuildConfiguration;
			buildSettings = {
				ALWAYS_SEARCH_USER_PATHS = NO;
				CLANG_ANALYZER_NONNULL = YES;
				CLANG_ANALYZER_NUMBER_OBJECT_CONVERSION = YES_AGGRESSIVE;
				CLANG_CXX_LANGUAGE_STANDARD = "gnu++14";
				CLANG_CXX_LIBRARY = "libc++";
				CLANG_ENABLE_MODULES = YES;
				CLANG_ENABLE_OBJC_ARC = YES;
				CLANG_ENABLE_OBJC_WEAK = YES;
				CLANG_WARN_BLOCK_CAPTURE_AUTORELEASING = YES;
				CLANG_WARN_BOOL_CONVERSION = YES;
				CLANG_WARN_COMMA = YES;
				CLANG_WARN_CONSTANT_CONVERSION = YES;
				CLANG_WARN_DEPRECATED_OBJC_IMPLEMENTATIONS = YES;
				CLANG_WARN_DIRECT_OBJC_ISA_USAGE = YES_ERROR;
				CLANG_WARN_DOCUMENTATION_COMMENTS = YES;
				CLANG_WARN_EMPTY_BODY = YES;
				CLANG_WARN_ENUM_CONVERSION = YES;
				CLANG_WARN_INFINITE_RECURSION = YES;
				CLANG_WARN_INT_CONVERSION = YES;
				CLANG_WARN_NON_LITERAL_NULL_CONVERSION = YES;
				CLANG_WARN_OBJC_IMPLICIT_RETAIN_SELF = YES;
				CLANG_WARN_OBJC_LITERAL_CONVERSION = YES;
				CLANG_WARN_OBJC_ROOT_CLASS = YES_ERROR;
				CLANG_WARN_QUOTED_INCLUDE_IN_FRAMEWORK_HEADER = YES;
				CLANG_WARN_RANGE_LOOP_ANALYSIS = YES;
				CLANG_WARN_STRICT_PROTOTYPES = YES;
				CLANG_WARN_SUSPICIOUS_MOVE = YES;
				CLANG_WARN_UNGUARDED_AVAILABILITY = YES_AGGRESSIVE;
				CLANG_WARN_UNREACHABLE_CODE = YES;
				CLANG_WARN__DUPLICATE_METHOD_MATCH = YES;
				COPY_PHASE_STRIP = NO;
				DEBUG_INFORMATION_FORMAT = "dwarf-with-dsym";
				ENABLE_NS_ASSERTIONS = NO;
				ENABLE_STRICT_OBJC_MSGSEND = YES;
				GCC_C_LANGUAGE_STANDARD = gnu11;
				GCC_NO_COMMON_BLOCKS = YES;
				GCC_WARN_64_TO_32_BIT_CONVERSION = YES;
				GCC_WARN_ABOUT_RETURN_TYPE = YES_ERROR;
				GCC_WARN_UNDECLARED_SELECTOR = YES;
				GCC_WARN_UNINITIALIZED_AUTOS = YES_AGGRESSIVE;
				GCC_WARN_UNUSED_FUNCTION = YES;
				GCC_WARN_UNUSED_VARIABLE = YES;
				IPHONEOS_DEPLOYMENT_TARGET = 14.5;
				MTL_ENABLE_DEBUG_INFO = NO;
				MTL_FAST_MATH = YES;
				SDKROOT = iphoneos;
				SWIFT_COMPILATION_MODE = wholemodule;
				SWIFT_OPTIMIZATION_LEVEL = "-O";
				VALIDATE_PRODUCT = YES;
			};
			name = Release;
		};
		659FFA2E264EB0C30063B962 /* Debug */ = {
			isa = XCBuildConfiguration;
			buildSettings = {
				ASSETCATALOG_COMPILER_APPICON_NAME = AppIcon;
				ASSETCATALOG_COMPILER_GLOBAL_ACCENT_COLOR_NAME = AccentColor;
				CODE_SIGN_STYLE = Automatic;
				INFOPLIST_FILE = GithubSearch/Info.plist;
				LD_RUNPATH_SEARCH_PATHS = (
					"$(inherited)",
					"@executable_path/Frameworks",
				);
				PRODUCT_BUNDLE_IDENTIFIER = com.kuanwei.GithubSearch;
				PRODUCT_NAME = "$(TARGET_NAME)";
				SWIFT_VERSION = 5.0;
				TARGETED_DEVICE_FAMILY = "1,2";
			};
			name = Debug;
		};
		659FFA2F264EB0C30063B962 /* Release */ = {
			isa = XCBuildConfiguration;
			buildSettings = {
				ASSETCATALOG_COMPILER_APPICON_NAME = AppIcon;
				ASSETCATALOG_COMPILER_GLOBAL_ACCENT_COLOR_NAME = AccentColor;
				CODE_SIGN_STYLE = Automatic;
				INFOPLIST_FILE = GithubSearch/Info.plist;
				LD_RUNPATH_SEARCH_PATHS = (
					"$(inherited)",
					"@executable_path/Frameworks",
				);
				PRODUCT_BUNDLE_IDENTIFIER = com.kuanwei.GithubSearch;
				PRODUCT_NAME = "$(TARGET_NAME)";
				SWIFT_VERSION = 5.0;
				TARGETED_DEVICE_FAMILY = "1,2";
			};
			name = Release;
		};
		659FFA31264EB0C30063B962 /* Debug */ = {
			isa = XCBuildConfiguration;
			buildSettings = {
				ALWAYS_EMBED_SWIFT_STANDARD_LIBRARIES = YES;
				BUNDLE_LOADER = "$(TEST_HOST)";
				CODE_SIGN_STYLE = Automatic;
				INFOPLIST_FILE = GithubSearchTests/Info.plist;
				IPHONEOS_DEPLOYMENT_TARGET = 14.5;
				LD_RUNPATH_SEARCH_PATHS = (
					"$(inherited)",
					"@executable_path/Frameworks",
					"@loader_path/Frameworks",
				);
				PRODUCT_BUNDLE_IDENTIFIER = com.kuanwei.GithubSearchTests;
				PRODUCT_NAME = "$(TARGET_NAME)";
				SWIFT_VERSION = 5.0;
				TARGETED_DEVICE_FAMILY = "1,2";
				TEST_HOST = "$(BUILT_PRODUCTS_DIR)/GithubSearch.app/GithubSearch";
			};
			name = Debug;
		};
		659FFA32264EB0C30063B962 /* Release */ = {
			isa = XCBuildConfiguration;
			buildSettings = {
				ALWAYS_EMBED_SWIFT_STANDARD_LIBRARIES = YES;
				BUNDLE_LOADER = "$(TEST_HOST)";
				CODE_SIGN_STYLE = Automatic;
				INFOPLIST_FILE = GithubSearchTests/Info.plist;
				IPHONEOS_DEPLOYMENT_TARGET = 14.5;
				LD_RUNPATH_SEARCH_PATHS = (
					"$(inherited)",
					"@executable_path/Frameworks",
					"@loader_path/Frameworks",
				);
				PRODUCT_BUNDLE_IDENTIFIER = com.kuanwei.GithubSearchTests;
				PRODUCT_NAME = "$(TARGET_NAME)";
				SWIFT_VERSION = 5.0;
				TARGETED_DEVICE_FAMILY = "1,2";
				TEST_HOST = "$(BUILT_PRODUCTS_DIR)/GithubSearch.app/GithubSearch";
			};
			name = Release;
		};
		659FFA34264EB0C30063B962 /* Debug */ = {
			isa = XCBuildConfiguration;
			buildSettings = {
				ALWAYS_EMBED_SWIFT_STANDARD_LIBRARIES = YES;
				CODE_SIGN_STYLE = Automatic;
				INFOPLIST_FILE = GithubSearchUITests/Info.plist;
				LD_RUNPATH_SEARCH_PATHS = (
					"$(inherited)",
					"@executable_path/Frameworks",
					"@loader_path/Frameworks",
				);
				PRODUCT_BUNDLE_IDENTIFIER = com.kuanwei.GithubSearchUITests;
				PRODUCT_NAME = "$(TARGET_NAME)";
				SWIFT_VERSION = 5.0;
				TARGETED_DEVICE_FAMILY = "1,2";
				TEST_TARGET_NAME = GithubSearch;
			};
			name = Debug;
		};
		659FFA35264EB0C30063B962 /* Release */ = {
			isa = XCBuildConfiguration;
			buildSettings = {
				ALWAYS_EMBED_SWIFT_STANDARD_LIBRARIES = YES;
				CODE_SIGN_STYLE = Automatic;
				INFOPLIST_FILE = GithubSearchUITests/Info.plist;
				LD_RUNPATH_SEARCH_PATHS = (
					"$(inherited)",
					"@executable_path/Frameworks",
					"@loader_path/Frameworks",
				);
				PRODUCT_BUNDLE_IDENTIFIER = com.kuanwei.GithubSearchUITests;
				PRODUCT_NAME = "$(TARGET_NAME)";
				SWIFT_VERSION = 5.0;
				TARGETED_DEVICE_FAMILY = "1,2";
				TEST_TARGET_NAME = GithubSearch;
			};
			name = Release;
		};
/* End XCBuildConfiguration section */

/* Begin XCConfigurationList section */
		659FF9FE264EB0C00063B962 /* Build configuration list for PBXProject "GithubSearch" */ = {
			isa = XCConfigurationList;
			buildConfigurations = (
				659FFA2B264EB0C30063B962 /* Debug */,
				659FFA2C264EB0C30063B962 /* Release */,
			);
			defaultConfigurationIsVisible = 0;
			defaultConfigurationName = Release;
		};
		659FFA2D264EB0C30063B962 /* Build configuration list for PBXNativeTarget "GithubSearch" */ = {
			isa = XCConfigurationList;
			buildConfigurations = (
				659FFA2E264EB0C30063B962 /* Debug */,
				659FFA2F264EB0C30063B962 /* Release */,
			);
			defaultConfigurationIsVisible = 0;
			defaultConfigurationName = Release;
		};
		659FFA30264EB0C30063B962 /* Build configuration list for PBXNativeTarget "GithubSearchTests" */ = {
			isa = XCConfigurationList;
			buildConfigurations = (
				659FFA31264EB0C30063B962 /* Debug */,
				659FFA32264EB0C30063B962 /* Release */,
			);
			defaultConfigurationIsVisible = 0;
			defaultConfigurationName = Release;
		};
		659FFA33264EB0C30063B962 /* Build configuration list for PBXNativeTarget "GithubSearchUITests" */ = {
			isa = XCConfigurationList;
			buildConfigurations = (
				659FFA34264EB0C30063B962 /* Debug */,
				659FFA35264EB0C30063B962 /* Release */,
			);
			defaultConfigurationIsVisible = 0;
			defaultConfigurationName = Release;
		};
/* End XCConfigurationList section */
	};
	rootObject = 659FF9FB264EB0C00063B962 /* Project object */;
}
