// !$*UTF8*$!
{
	archiveVersion = 1;
	classes = {
	};
	objectVersion = 51;
	objects = {

/* Begin PBXBuildFile section */
		0434BF5F29E122390568DACA /* Pods_GithubSearch_GithubSearchUITests.framework in Frameworks */ = {isa = PBXBuildFile; fileRef = 9A47644879F7121D13EA3E16 /* Pods_GithubSearch_GithubSearchUITests.framework */; };
		6501DCF5264FCF9200ACD78D /* SearchTermHeaderView.swift in Sources */ = {isa = PBXBuildFile; fileRef = 6501DCF1264FCF9200ACD78D /* SearchTermHeaderView.swift */; };
		6501DCF6264FCF9200ACD78D /* SearchTermViewModel.swift in Sources */ = {isa = PBXBuildFile; fileRef = 6501DCF2264FCF9200ACD78D /* SearchTermViewModel.swift */; };
		6501DCF7264FCF9200ACD78D /* SearchTermViewController.swift in Sources */ = {isa = PBXBuildFile; fileRef = 6501DCF3264FCF9200ACD78D /* SearchTermViewController.swift */; };
		6501DCF8264FCF9200ACD78D /* SearchTermTableViewCell.swift in Sources */ = {isa = PBXBuildFile; fileRef = 6501DCF4264FCF9200ACD78D /* SearchTermTableViewCell.swift */; };
		6501DCFA264FCFFF00ACD78D /* DBManager.swift in Sources */ = {isa = PBXBuildFile; fileRef = 6501DCF9264FCFFF00ACD78D /* DBManager.swift */; };
		6501DCFC264FD0A200ACD78D /* DBManager+RecentSearch.swift in Sources */ = {isa = PBXBuildFile; fileRef = 6501DCFB264FD0A200ACD78D /* DBManager+RecentSearch.swift */; };
		6501DCFE264FD2D700ACD78D /* NoNetworkView.swift in Sources */ = {isa = PBXBuildFile; fileRef = 6501DCFD264FD2D700ACD78D /* NoNetworkView.swift */; };
		6501DD00264FD3E200ACD78D /* NoNetworkDisplayable.swift in Sources */ = {isa = PBXBuildFile; fileRef = 6501DCFF264FD3E200ACD78D /* NoNetworkDisplayable.swift */; };
		6501DD02264FD4CF00ACD78D /* EmptyDisplayable.swift in Sources */ = {isa = PBXBuildFile; fileRef = 6501DD01264FD4CF00ACD78D /* EmptyDisplayable.swift */; };
		6501DD04264FD6A300ACD78D /* ReachabilityManager.swift in Sources */ = {isa = PBXBuildFile; fileRef = 6501DD03264FD6A300ACD78D /* ReachabilityManager.swift */; };
		6501DD07264FE1F200ACD78D /* DBManagerTests.swift in Sources */ = {isa = PBXBuildFile; fileRef = 6501DD06264FE1F200ACD78D /* DBManagerTests.swift */; };
		6501DD09264FE26500ACD78D /* StringUtilTests.swift in Sources */ = {isa = PBXBuildFile; fileRef = 6501DD08264FE26500ACD78D /* StringUtilTests.swift */; };
		6501DD0B264FE33300ACD78D /* SearchTermViewModelTests.swift in Sources */ = {isa = PBXBuildFile; fileRef = 6501DD0A264FE33300ACD78D /* SearchTermViewModelTests.swift */; };
		6501DD0D264FE64D00ACD78D /* ApiClientTests.swift in Sources */ = {isa = PBXBuildFile; fileRef = 6501DD0C264FE64D00ACD78D /* ApiClientTests.swift */; };
		6501DD0F264FE6D100ACD78D /* ReachabilityManagerTests.swift in Sources */ = {isa = PBXBuildFile; fileRef = 6501DD0E264FE6D100ACD78D /* ReachabilityManagerTests.swift */; };
		6501DD11264FE71A00ACD78D /* API+Util.swift in Sources */ = {isa = PBXBuildFile; fileRef = 6501DD10264FE71A00ACD78D /* API+Util.swift */; };
		6501DD13264FE77200ACD78D /* RepositoryOwnerTests.swift in Sources */ = {isa = PBXBuildFile; fileRef = 6501DD12264FE77200ACD78D /* RepositoryOwnerTests.swift */; };
		6501DD15264FE7CC00ACD78D /* RepositoryOwnerSuccess.json in Resources */ = {isa = PBXBuildFile; fileRef = 6501DD14264FE7CC00ACD78D /* RepositoryOwnerSuccess.json */; };
		6501DD17264FE85400ACD78D /* RepositoryLicenseTests.swift in Sources */ = {isa = PBXBuildFile; fileRef = 6501DD16264FE85400ACD78D /* RepositoryLicenseTests.swift */; };
		6501DD19264FE89200ACD78D /* RepositoryLicenseSuccess.json in Resources */ = {isa = PBXBuildFile; fileRef = 6501DD18264FE89200ACD78D /* RepositoryLicenseSuccess.json */; };
		6501DD1C264FFC5F00ACD78D /* GithubRepositoryItemTests.swift in Sources */ = {isa = PBXBuildFile; fileRef = 6501DD1B264FFC5F00ACD78D /* GithubRepositoryItemTests.swift */; };
		6501DD1E264FFCC300ACD78D /* GithubRepositoryItemSuccess.json in Resources */ = {isa = PBXBuildFile; fileRef = 6501DD1D264FFCC300ACD78D /* GithubRepositoryItemSuccess.json */; };
		6501DD20264FFD3700ACD78D /* GithubRepositoryResponseTests.swift in Sources */ = {isa = PBXBuildFile; fileRef = 6501DD1F264FFD3700ACD78D /* GithubRepositoryResponseTests.swift */; };
		6501DD22264FFD7700ACD78D /* GithubRepositoryResponseSuccess.json in Resources */ = {isa = PBXBuildFile; fileRef = 6501DD21264FFD7700ACD78D /* GithubRepositoryResponseSuccess.json */; };
		6501DD27264FFF5700ACD78D /* LoggerTests.swift in Sources */ = {isa = PBXBuildFile; fileRef = 6501DD26264FFF5700ACD78D /* LoggerTests.swift */; };
		6501DD29265007E900ACD78D /* Utility.swift in Sources */ = {isa = PBXBuildFile; fileRef = 6501DD28265007E900ACD78D /* Utility.swift */; };
		6501DD2D2650083B00ACD78D /* UITestIdentifierConfig.swift in Sources */ = {isa = PBXBuildFile; fileRef = 6501DD2C2650083B00ACD78D /* UITestIdentifierConfig.swift */; };
		6501DD302650087600ACD78D /* UITestConfig.swift in Sources */ = {isa = PBXBuildFile; fileRef = 6501DD2F2650087600ACD78D /* UITestConfig.swift */; };
		6501DD3B26500C7600ACD78D /* SearchPageTests.swift in Sources */ = {isa = PBXBuildFile; fileRef = 6501DD3A26500C7600ACD78D /* SearchPageTests.swift */; };
		6501DD3D26500D7100ACD78D /* UITestIdentifierConfig.swift in Sources */ = {isa = PBXBuildFile; fileRef = 6501DD2C2650083B00ACD78D /* UITestIdentifierConfig.swift */; };
		6501DD3F26500E2600ACD78D /* SearchPage.swift in Sources */ = {isa = PBXBuildFile; fileRef = 6501DD3E26500E2600ACD78D /* SearchPage.swift */; };
		6501DD44265011F700ACD78D /* SearchResultViewModelTests.swift in Sources */ = {isa = PBXBuildFile; fileRef = 6501DD43265011F700ACD78D /* SearchResultViewModelTests.swift */; };
		6501DD46265012B700ACD78D /* SearchViewModelTests.swift in Sources */ = {isa = PBXBuildFile; fileRef = 6501DD45265012B700ACD78D /* SearchViewModelTests.swift */; };
		659FFA07264EB0C00063B962 /* AppDelegate.swift in Sources */ = {isa = PBXBuildFile; fileRef = 659FFA06264EB0C00063B962 /* AppDelegate.swift */; };
		659FFA09264EB0C00063B962 /* SceneDelegate.swift in Sources */ = {isa = PBXBuildFile; fileRef = 659FFA08264EB0C00063B962 /* SceneDelegate.swift */; };
		659FFA0B264EB0C00063B962 /* ViewController.swift in Sources */ = {isa = PBXBuildFile; fileRef = 659FFA0A264EB0C00063B962 /* ViewController.swift */; };
		659FFA0E264EB0C00063B962 /* Main.storyboard in Resources */ = {isa = PBXBuildFile; fileRef = 659FFA0C264EB0C00063B962 /* Main.storyboard */; };
		659FFA10264EB0C30063B962 /* Assets.xcassets in Resources */ = {isa = PBXBuildFile; fileRef = 659FFA0F264EB0C30063B962 /* Assets.xcassets */; };
		659FFA13264EB0C30063B962 /* LaunchScreen.storyboard in Resources */ = {isa = PBXBuildFile; fileRef = 659FFA11264EB0C30063B962 /* LaunchScreen.storyboard */; };
		659FFA1E264EB0C30063B962 /* GithubSearchTests.swift in Sources */ = {isa = PBXBuildFile; fileRef = 659FFA1D264EB0C30063B962 /* GithubSearchTests.swift */; };
		659FFA29264EB0C30063B962 /* GithubSearchUITests.swift in Sources */ = {isa = PBXBuildFile; fileRef = 659FFA28264EB0C30063B962 /* GithubSearchUITests.swift */; };
		659FFA4A264F61AD0063B962 /* SearchViewController.swift in Sources */ = {isa = PBXBuildFile; fileRef = 659FFA39264F61AD0063B962 /* SearchViewController.swift */; };
		659FFA4B264F61AD0063B962 /* SearchBarTitleView.swift in Sources */ = {isa = PBXBuildFile; fileRef = 659FFA3A264F61AD0063B962 /* SearchBarTitleView.swift */; };
		659FFA4C264F61AD0063B962 /* SearchCoordinator.swift in Sources */ = {isa = PBXBuildFile; fileRef = 659FFA3B264F61AD0063B962 /* SearchCoordinator.swift */; };
		659FFA51264F61AD0063B962 /* SearchViewModel.swift in Sources */ = {isa = PBXBuildFile; fileRef = 659FFA41264F61AD0063B962 /* SearchViewModel.swift */; };
		659FFA52264F61AD0063B962 /* SearchResultViewController.swift in Sources */ = {isa = PBXBuildFile; fileRef = 659FFA43264F61AD0063B962 /* SearchResultViewController.swift */; };
		659FFA53264F61AD0063B962 /* SearchResultHeaderView.swift in Sources */ = {isa = PBXBuildFile; fileRef = 659FFA44264F61AD0063B962 /* SearchResultHeaderView.swift */; };
		659FFA54264F61AD0063B962 /* SearchResultViewModel.swift in Sources */ = {isa = PBXBuildFile; fileRef = 659FFA45264F61AD0063B962 /* SearchResultViewModel.swift */; };
		659FFA55264F61AD0063B962 /* SearchResultWithImageTableViewCell.xib in Resources */ = {isa = PBXBuildFile; fileRef = 659FFA47264F61AD0063B962 /* SearchResultWithImageTableViewCell.xib */; };
		659FFA56264F61AD0063B962 /* SearchResultNoImageTableViewCell.xib in Resources */ = {isa = PBXBuildFile; fileRef = 659FFA48264F61AD0063B962 /* SearchResultNoImageTableViewCell.xib */; };
		659FFA57264F61AD0063B962 /* SearchResultTableViewCell.swift in Sources */ = {isa = PBXBuildFile; fileRef = 659FFA49264F61AD0063B962 /* SearchResultTableViewCell.swift */; };
		659FFA59264F64850063B962 /* GithubNavigable.swift in Sources */ = {isa = PBXBuildFile; fileRef = 659FFA58264F64850063B962 /* GithubNavigable.swift */; };
		659FFA5B264F65320063B962 /* BaseWebViewController.swift in Sources */ = {isa = PBXBuildFile; fileRef = 659FFA5A264F65320063B962 /* BaseWebViewController.swift */; };
		659FFA5D264F65500063B962 /* SimpleWebViewController.swift in Sources */ = {isa = PBXBuildFile; fileRef = 659FFA5C264F65500063B962 /* SimpleWebViewController.swift */; };
		659FFA5F264F65780063B962 /* SimpleWebViewModel.swift in Sources */ = {isa = PBXBuildFile; fileRef = 659FFA5E264F65780063B962 /* SimpleWebViewModel.swift */; };
		659FFA62264F691A0063B962 /* ExtraTouchAreaButton.swift in Sources */ = {isa = PBXBuildFile; fileRef = 659FFA61264F691A0063B962 /* ExtraTouchAreaButton.swift */; };
		659FFA64264F6AE70063B962 /* Displayable.swift in Sources */ = {isa = PBXBuildFile; fileRef = 659FFA63264F6AE70063B962 /* Displayable.swift */; };
		659FFA66264F6B6D0063B962 /* UIView+AutoLayout.swift in Sources */ = {isa = PBXBuildFile; fileRef = 659FFA65264F6B6D0063B962 /* UIView+AutoLayout.swift */; };
		659FFA68264F6C3F0063B962 /* String+Util.swift in Sources */ = {isa = PBXBuildFile; fileRef = 659FFA67264F6C3F0063B962 /* String+Util.swift */; };
		659FFA6A264F79E60063B962 /* NetworkRequest.swift in Sources */ = {isa = PBXBuildFile; fileRef = 659FFA69264F79E60063B962 /* NetworkRequest.swift */; };
		659FFA6C264F7A080063B962 /* GithubAPI.swift in Sources */ = {isa = PBXBuildFile; fileRef = 659FFA6B264F7A080063B962 /* GithubAPI.swift */; };
		659FFA6E264F7C1E0063B962 /* Logger.swift in Sources */ = {isa = PBXBuildFile; fileRef = 659FFA6D264F7C1E0063B962 /* Logger.swift */; };
		659FFA70264F7E050063B962 /* NetworkClient.swift in Sources */ = {isa = PBXBuildFile; fileRef = 659FFA6F264F7E050063B962 /* NetworkClient.swift */; };
		659FFA72264F7E280063B962 /* ApiClient.swift in Sources */ = {isa = PBXBuildFile; fileRef = 659FFA71264F7E280063B962 /* ApiClient.swift */; };
		659FFA74264F7EC70063B962 /* HTTPMethod.swift in Sources */ = {isa = PBXBuildFile; fileRef = 659FFA73264F7EC70063B962 /* HTTPMethod.swift */; };
		659FFA76264F7F720063B962 /* GithubSearchRepositoriesAPI.swift in Sources */ = {isa = PBXBuildFile; fileRef = 659FFA75264F7F720063B962 /* GithubSearchRepositoriesAPI.swift */; };
		659FFA7D264F83300063B962 /* GithubRepositoryItem.swift in Sources */ = {isa = PBXBuildFile; fileRef = 659FFA7C264F83300063B962 /* GithubRepositoryItem.swift */; };
		659FFA83264F836E0063B962 /* RepositoryOwner.swift in Sources */ = {isa = PBXBuildFile; fileRef = 659FFA82264F836E0063B962 /* RepositoryOwner.swift */; };
		659FFA87264F83940063B962 /* RepositoryLicense.swift in Sources */ = {isa = PBXBuildFile; fileRef = 659FFA86264F83940063B962 /* RepositoryLicense.swift */; };
		659FFA89264F84290063B962 /* LoadingIndicatorDisplayable.swift in Sources */ = {isa = PBXBuildFile; fileRef = 659FFA88264F84290063B962 /* LoadingIndicatorDisplayable.swift */; };
		659FFA8B264F84980063B962 /* UITableViewExtension.swift in Sources */ = {isa = PBXBuildFile; fileRef = 659FFA8A264F84980063B962 /* UITableViewExtension.swift */; };
		659FFA8D264F84D00063B962 /* Reusable.swift in Sources */ = {isa = PBXBuildFile; fileRef = 659FFA8C264F84D00063B962 /* Reusable.swift */; };
		659FFA8F264F85630063B962 /* EmptyView.swift in Sources */ = {isa = PBXBuildFile; fileRef = 659FFA8E264F85630063B962 /* EmptyView.swift */; };
		659FFA91264F85E70063B962 /* SpinnerRectView.swift in Sources */ = {isa = PBXBuildFile; fileRef = 659FFA90264F85E70063B962 /* SpinnerRectView.swift */; };
		659FFA93264F86890063B962 /* UIColorExtension.swift in Sources */ = {isa = PBXBuildFile; fileRef = 659FFA92264F86890063B962 /* UIColorExtension.swift */; };
		659FFA95264F99690063B962 /* GithubRepositoryResponse.swift in Sources */ = {isa = PBXBuildFile; fileRef = 659FFA94264F99690063B962 /* GithubRepositoryResponse.swift */; };
		659FFA98264F9FF50063B962 /* ArrayExtension.swift in Sources */ = {isa = PBXBuildFile; fileRef = 659FFA97264F9FF50063B962 /* ArrayExtension.swift */; };
		65D7A9E1265895130017BA95 /* Throttler.swift in Sources */ = {isa = PBXBuildFile; fileRef = 65D7A9E0265895130017BA95 /* Throttler.swift */; };
		65D7A9E326589F500017BA95 /* ThrottleDebouncer.swift in Sources */ = {isa = PBXBuildFile; fileRef = 65D7A9E226589F500017BA95 /* ThrottleDebouncer.swift */; };
		65FC120D265755BC004D233B /* ViewModel.swift in Sources */ = {isa = PBXBuildFile; fileRef = 65FC120C265755BC004D233B /* ViewModel.swift */; };
		7E7928B666ECF2F572D43EDD /* Pods_GithubSearch.framework in Frameworks */ = {isa = PBXBuildFile; fileRef = 7EB52539B59BBA9DDB66DD50 /* Pods_GithubSearch.framework */; };
		FD9E18E65578CA371F12E97B /* Pods_GithubSearchTests.framework in Frameworks */ = {isa = PBXBuildFile; fileRef = A75A65DD27DA0F5A276EBB53 /* Pods_GithubSearchTests.framework */; };
/* End PBXBuildFile section */

/* Begin PBXContainerItemProxy section */
		659FFA1A264EB0C30063B962 /* PBXContainerItemProxy */ = {
			isa = PBXContainerItemProxy;
			containerPortal = 659FF9FB264EB0C00063B962 /* Project object */;
			proxyType = 1;
			remoteGlobalIDString = 659FFA02264EB0C00063B962;
			remoteInfo = GithubSearch;
		};
		659FFA25264EB0C30063B962 /* PBXContainerItemProxy */ = {
			isa = PBXContainerItemProxy;
			containerPortal = 659FF9FB264EB0C00063B962 /* Project object */;
			proxyType = 1;
			remoteGlobalIDString = 659FFA02264EB0C00063B962;
			remoteInfo = GithubSearch;
		};
/* End PBXContainerItemProxy section */

/* Begin PBXFileReference section */
		18558F02920734EA85F0F085 /* Pods-GithubSearchTests.debug.xcconfig */ = {isa = PBXFileReference; includeInIndex = 1; lastKnownFileType = text.xcconfig; name = "Pods-GithubSearchTests.debug.xcconfig"; path = "Target Support Files/Pods-GithubSearchTests/Pods-GithubSearchTests.debug.xcconfig"; sourceTree = "<group>"; };
		582EB0FCA6004FE0D845BC3B /* Pods-GithubSearch.release.xcconfig */ = {isa = PBXFileReference; includeInIndex = 1; lastKnownFileType = text.xcconfig; name = "Pods-GithubSearch.release.xcconfig"; path = "Target Support Files/Pods-GithubSearch/Pods-GithubSearch.release.xcconfig"; sourceTree = "<group>"; };
		6501DCF1264FCF9200ACD78D /* SearchTermHeaderView.swift */ = {isa = PBXFileReference; fileEncoding = 4; lastKnownFileType = sourcecode.swift; path = SearchTermHeaderView.swift; sourceTree = "<group>"; };
		6501DCF2264FCF9200ACD78D /* SearchTermViewModel.swift */ = {isa = PBXFileReference; fileEncoding = 4; lastKnownFileType = sourcecode.swift; path = SearchTermViewModel.swift; sourceTree = "<group>"; };
		6501DCF3264FCF9200ACD78D /* SearchTermViewController.swift */ = {isa = PBXFileReference; fileEncoding = 4; lastKnownFileType = sourcecode.swift; path = SearchTermViewController.swift; sourceTree = "<group>"; };
		6501DCF4264FCF9200ACD78D /* SearchTermTableViewCell.swift */ = {isa = PBXFileReference; fileEncoding = 4; lastKnownFileType = sourcecode.swift; path = SearchTermTableViewCell.swift; sourceTree = "<group>"; };
		6501DCF9264FCFFF00ACD78D /* DBManager.swift */ = {isa = PBXFileReference; lastKnownFileType = sourcecode.swift; path = DBManager.swift; sourceTree = "<group>"; };
		6501DCFB264FD0A200ACD78D /* DBManager+RecentSearch.swift */ = {isa = PBXFileReference; lastKnownFileType = sourcecode.swift; path = "DBManager+RecentSearch.swift"; sourceTree = "<group>"; };
		6501DCFD264FD2D700ACD78D /* NoNetworkView.swift */ = {isa = PBXFileReference; lastKnownFileType = sourcecode.swift; path = NoNetworkView.swift; sourceTree = "<group>"; };
		6501DCFF264FD3E200ACD78D /* NoNetworkDisplayable.swift */ = {isa = PBXFileReference; lastKnownFileType = sourcecode.swift; path = NoNetworkDisplayable.swift; sourceTree = "<group>"; };
		6501DD01264FD4CF00ACD78D /* EmptyDisplayable.swift */ = {isa = PBXFileReference; lastKnownFileType = sourcecode.swift; path = EmptyDisplayable.swift; sourceTree = "<group>"; };
		6501DD03264FD6A300ACD78D /* ReachabilityManager.swift */ = {isa = PBXFileReference; lastKnownFileType = sourcecode.swift; path = ReachabilityManager.swift; sourceTree = "<group>"; };
		6501DD06264FE1F200ACD78D /* DBManagerTests.swift */ = {isa = PBXFileReference; lastKnownFileType = sourcecode.swift; path = DBManagerTests.swift; sourceTree = "<group>"; };
		6501DD08264FE26500ACD78D /* StringUtilTests.swift */ = {isa = PBXFileReference; lastKnownFileType = sourcecode.swift; path = StringUtilTests.swift; sourceTree = "<group>"; };
		6501DD0A264FE33300ACD78D /* SearchTermViewModelTests.swift */ = {isa = PBXFileReference; lastKnownFileType = sourcecode.swift; path = SearchTermViewModelTests.swift; sourceTree = "<group>"; };
		6501DD0C264FE64D00ACD78D /* ApiClientTests.swift */ = {isa = PBXFileReference; lastKnownFileType = sourcecode.swift; path = ApiClientTests.swift; sourceTree = "<group>"; };
		6501DD0E264FE6D100ACD78D /* ReachabilityManagerTests.swift */ = {isa = PBXFileReference; lastKnownFileType = sourcecode.swift; path = ReachabilityManagerTests.swift; sourceTree = "<group>"; };
		6501DD10264FE71A00ACD78D /* API+Util.swift */ = {isa = PBXFileReference; lastKnownFileType = sourcecode.swift; path = "API+Util.swift"; sourceTree = "<group>"; };
		6501DD12264FE77200ACD78D /* RepositoryOwnerTests.swift */ = {isa = PBXFileReference; lastKnownFileType = sourcecode.swift; path = RepositoryOwnerTests.swift; sourceTree = "<group>"; };
		6501DD14264FE7CC00ACD78D /* RepositoryOwnerSuccess.json */ = {isa = PBXFileReference; lastKnownFileType = text.json; path = RepositoryOwnerSuccess.json; sourceTree = "<group>"; };
		6501DD16264FE85400ACD78D /* RepositoryLicenseTests.swift */ = {isa = PBXFileReference; lastKnownFileType = sourcecode.swift; path = RepositoryLicenseTests.swift; sourceTree = "<group>"; };
		6501DD18264FE89200ACD78D /* RepositoryLicenseSuccess.json */ = {isa = PBXFileReference; lastKnownFileType = text.json; path = RepositoryLicenseSuccess.json; sourceTree = "<group>"; };
		6501DD1B264FFC5F00ACD78D /* GithubRepositoryItemTests.swift */ = {isa = PBXFileReference; lastKnownFileType = sourcecode.swift; path = GithubRepositoryItemTests.swift; sourceTree = "<group>"; };
		6501DD1D264FFCC300ACD78D /* GithubRepositoryItemSuccess.json */ = {isa = PBXFileReference; lastKnownFileType = text.json; path = GithubRepositoryItemSuccess.json; sourceTree = "<group>"; };
		6501DD1F264FFD3700ACD78D /* GithubRepositoryResponseTests.swift */ = {isa = PBXFileReference; lastKnownFileType = sourcecode.swift; path = GithubRepositoryResponseTests.swift; sourceTree = "<group>"; };
		6501DD21264FFD7700ACD78D /* GithubRepositoryResponseSuccess.json */ = {isa = PBXFileReference; lastKnownFileType = text.json; path = GithubRepositoryResponseSuccess.json; sourceTree = "<group>"; };
		6501DD26264FFF5700ACD78D /* LoggerTests.swift */ = {isa = PBXFileReference; lastKnownFileType = sourcecode.swift; path = LoggerTests.swift; sourceTree = "<group>"; };
		6501DD28265007E900ACD78D /* Utility.swift */ = {isa = PBXFileReference; lastKnownFileType = sourcecode.swift; path = Utility.swift; sourceTree = "<group>"; };
		6501DD2C2650083B00ACD78D /* UITestIdentifierConfig.swift */ = {isa = PBXFileReference; lastKnownFileType = sourcecode.swift; path = UITestIdentifierConfig.swift; sourceTree = "<group>"; };
		6501DD2F2650087600ACD78D /* UITestConfig.swift */ = {isa = PBXFileReference; lastKnownFileType = sourcecode.swift; path = UITestConfig.swift; sourceTree = "<group>"; };
		6501DD3A26500C7600ACD78D /* SearchPageTests.swift */ = {isa = PBXFileReference; lastKnownFileType = sourcecode.swift; path = SearchPageTests.swift; sourceTree = "<group>"; };
		6501DD3E26500E2600ACD78D /* SearchPage.swift */ = {isa = PBXFileReference; lastKnownFileType = sourcecode.swift; path = SearchPage.swift; sourceTree = "<group>"; };
		6501DD43265011F700ACD78D /* SearchResultViewModelTests.swift */ = {isa = PBXFileReference; lastKnownFileType = sourcecode.swift; path = SearchResultViewModelTests.swift; sourceTree = "<group>"; };
		6501DD45265012B700ACD78D /* SearchViewModelTests.swift */ = {isa = PBXFileReference; lastKnownFileType = sourcecode.swift; path = SearchViewModelTests.swift; sourceTree = "<group>"; };
		659FFA03264EB0C00063B962 /* GithubSearch.app */ = {isa = PBXFileReference; explicitFileType = wrapper.application; includeInIndex = 0; path = GithubSearch.app; sourceTree = BUILT_PRODUCTS_DIR; };
		659FFA06264EB0C00063B962 /* AppDelegate.swift */ = {isa = PBXFileReference; lastKnownFileType = sourcecode.swift; path = AppDelegate.swift; sourceTree = "<group>"; };
		659FFA08264EB0C00063B962 /* SceneDelegate.swift */ = {isa = PBXFileReference; lastKnownFileType = sourcecode.swift; path = SceneDelegate.swift; sourceTree = "<group>"; };
		659FFA0A264EB0C00063B962 /* ViewController.swift */ = {isa = PBXFileReference; lastKnownFileType = sourcecode.swift; path = ViewController.swift; sourceTree = "<group>"; };
		659FFA0D264EB0C00063B962 /* Base */ = {isa = PBXFileReference; lastKnownFileType = file.storyboard; name = Base; path = Base.lproj/Main.storyboard; sourceTree = "<group>"; };
		659FFA0F264EB0C30063B962 /* Assets.xcassets */ = {isa = PBXFileReference; lastKnownFileType = folder.assetcatalog; path = Assets.xcassets; sourceTree = "<group>"; };
		659FFA12264EB0C30063B962 /* Base */ = {isa = PBXFileReference; lastKnownFileType = file.storyboard; name = Base; path = Base.lproj/LaunchScreen.storyboard; sourceTree = "<group>"; };
		659FFA14264EB0C30063B962 /* Info.plist */ = {isa = PBXFileReference; lastKnownFileType = text.plist.xml; path = Info.plist; sourceTree = "<group>"; };
		659FFA19264EB0C30063B962 /* GithubSearchTests.xctest */ = {isa = PBXFileReference; explicitFileType = wrapper.cfbundle; includeInIndex = 0; path = GithubSearchTests.xctest; sourceTree = BUILT_PRODUCTS_DIR; };
		659FFA1D264EB0C30063B962 /* GithubSearchTests.swift */ = {isa = PBXFileReference; lastKnownFileType = sourcecode.swift; path = GithubSearchTests.swift; sourceTree = "<group>"; };
		659FFA1F264EB0C30063B962 /* Info.plist */ = {isa = PBXFileReference; lastKnownFileType = text.plist.xml; path = Info.plist; sourceTree = "<group>"; };
		659FFA24264EB0C30063B962 /* GithubSearchUITests.xctest */ = {isa = PBXFileReference; explicitFileType = wrapper.cfbundle; includeInIndex = 0; path = GithubSearchUITests.xctest; sourceTree = BUILT_PRODUCTS_DIR; };
		659FFA28264EB0C30063B962 /* GithubSearchUITests.swift */ = {isa = PBXFileReference; lastKnownFileType = sourcecode.swift; path = GithubSearchUITests.swift; sourceTree = "<group>"; };
		659FFA2A264EB0C30063B962 /* Info.plist */ = {isa = PBXFileReference; lastKnownFileType = text.plist.xml; path = Info.plist; sourceTree = "<group>"; };
		659FFA39264F61AD0063B962 /* SearchViewController.swift */ = {isa = PBXFileReference; fileEncoding = 4; lastKnownFileType = sourcecode.swift; path = SearchViewController.swift; sourceTree = "<group>"; };
		659FFA3A264F61AD0063B962 /* SearchBarTitleView.swift */ = {isa = PBXFileReference; fileEncoding = 4; lastKnownFileType = sourcecode.swift; path = SearchBarTitleView.swift; sourceTree = "<group>"; };
		659FFA3B264F61AD0063B962 /* SearchCoordinator.swift */ = {isa = PBXFileReference; fileEncoding = 4; lastKnownFileType = sourcecode.swift; path = SearchCoordinator.swift; sourceTree = "<group>"; };
		659FFA41264F61AD0063B962 /* SearchViewModel.swift */ = {isa = PBXFileReference; fileEncoding = 4; lastKnownFileType = sourcecode.swift; path = SearchViewModel.swift; sourceTree = "<group>"; };
		659FFA43264F61AD0063B962 /* SearchResultViewController.swift */ = {isa = PBXFileReference; fileEncoding = 4; lastKnownFileType = sourcecode.swift; path = SearchResultViewController.swift; sourceTree = "<group>"; };
		659FFA44264F61AD0063B962 /* SearchResultHeaderView.swift */ = {isa = PBXFileReference; fileEncoding = 4; lastKnownFileType = sourcecode.swift; path = SearchResultHeaderView.swift; sourceTree = "<group>"; };
		659FFA45264F61AD0063B962 /* SearchResultViewModel.swift */ = {isa = PBXFileReference; fileEncoding = 4; lastKnownFileType = sourcecode.swift; path = SearchResultViewModel.swift; sourceTree = "<group>"; };
		659FFA47264F61AD0063B962 /* SearchResultWithImageTableViewCell.xib */ = {isa = PBXFileReference; fileEncoding = 4; lastKnownFileType = file.xib; path = SearchResultWithImageTableViewCell.xib; sourceTree = "<group>"; };
		659FFA48264F61AD0063B962 /* SearchResultNoImageTableViewCell.xib */ = {isa = PBXFileReference; fileEncoding = 4; lastKnownFileType = file.xib; path = SearchResultNoImageTableViewCell.xib; sourceTree = "<group>"; };
		659FFA49264F61AD0063B962 /* SearchResultTableViewCell.swift */ = {isa = PBXFileReference; fileEncoding = 4; lastKnownFileType = sourcecode.swift; path = SearchResultTableViewCell.swift; sourceTree = "<group>"; };
		659FFA58264F64850063B962 /* GithubNavigable.swift */ = {isa = PBXFileReference; lastKnownFileType = sourcecode.swift; path = GithubNavigable.swift; sourceTree = "<group>"; };
		659FFA5A264F65320063B962 /* BaseWebViewController.swift */ = {isa = PBXFileReference; lastKnownFileType = sourcecode.swift; path = BaseWebViewController.swift; sourceTree = "<group>"; };
		659FFA5C264F65500063B962 /* SimpleWebViewController.swift */ = {isa = PBXFileReference; lastKnownFileType = sourcecode.swift; path = SimpleWebViewController.swift; sourceTree = "<group>"; };
		659FFA5E264F65780063B962 /* SimpleWebViewModel.swift */ = {isa = PBXFileReference; lastKnownFileType = sourcecode.swift; path = SimpleWebViewModel.swift; sourceTree = "<group>"; };
		659FFA61264F691A0063B962 /* ExtraTouchAreaButton.swift */ = {isa = PBXFileReference; lastKnownFileType = sourcecode.swift; path = ExtraTouchAreaButton.swift; sourceTree = "<group>"; };
		659FFA63264F6AE70063B962 /* Displayable.swift */ = {isa = PBXFileReference; lastKnownFileType = sourcecode.swift; path = Displayable.swift; sourceTree = "<group>"; };
		659FFA65264F6B6D0063B962 /* UIView+AutoLayout.swift */ = {isa = PBXFileReference; lastKnownFileType = sourcecode.swift; path = "UIView+AutoLayout.swift"; sourceTree = "<group>"; };
		659FFA67264F6C3F0063B962 /* String+Util.swift */ = {isa = PBXFileReference; lastKnownFileType = sourcecode.swift; path = "String+Util.swift"; sourceTree = "<group>"; };
		659FFA69264F79E60063B962 /* NetworkRequest.swift */ = {isa = PBXFileReference; lastKnownFileType = sourcecode.swift; path = NetworkRequest.swift; sourceTree = "<group>"; };
		659FFA6B264F7A080063B962 /* GithubAPI.swift */ = {isa = PBXFileReference; lastKnownFileType = sourcecode.swift; path = GithubAPI.swift; sourceTree = "<group>"; };
		659FFA6D264F7C1E0063B962 /* Logger.swift */ = {isa = PBXFileReference; lastKnownFileType = sourcecode.swift; path = Logger.swift; sourceTree = "<group>"; };
		659FFA6F264F7E050063B962 /* NetworkClient.swift */ = {isa = PBXFileReference; lastKnownFileType = sourcecode.swift; path = NetworkClient.swift; sourceTree = "<group>"; };
		659FFA71264F7E280063B962 /* ApiClient.swift */ = {isa = PBXFileReference; lastKnownFileType = sourcecode.swift; path = ApiClient.swift; sourceTree = "<group>"; };
		659FFA73264F7EC70063B962 /* HTTPMethod.swift */ = {isa = PBXFileReference; lastKnownFileType = sourcecode.swift; path = HTTPMethod.swift; sourceTree = "<group>"; };
		659FFA75264F7F720063B962 /* GithubSearchRepositoriesAPI.swift */ = {isa = PBXFileReference; lastKnownFileType = sourcecode.swift; path = GithubSearchRepositoriesAPI.swift; sourceTree = "<group>"; };
		659FFA7C264F83300063B962 /* GithubRepositoryItem.swift */ = {isa = PBXFileReference; lastKnownFileType = sourcecode.swift; path = GithubRepositoryItem.swift; sourceTree = "<group>"; };
		659FFA82264F836E0063B962 /* RepositoryOwner.swift */ = {isa = PBXFileReference; lastKnownFileType = sourcecode.swift; path = RepositoryOwner.swift; sourceTree = "<group>"; };
		659FFA86264F83940063B962 /* RepositoryLicense.swift */ = {isa = PBXFileReference; lastKnownFileType = sourcecode.swift; path = RepositoryLicense.swift; sourceTree = "<group>"; };
		659FFA88264F84290063B962 /* LoadingIndicatorDisplayable.swift */ = {isa = PBXFileReference; lastKnownFileType = sourcecode.swift; path = LoadingIndicatorDisplayable.swift; sourceTree = "<group>"; };
		659FFA8A264F84980063B962 /* UITableViewExtension.swift */ = {isa = PBXFileReference; lastKnownFileType = sourcecode.swift; path = UITableViewExtension.swift; sourceTree = "<group>"; };
		659FFA8C264F84D00063B962 /* Reusable.swift */ = {isa = PBXFileReference; lastKnownFileType = sourcecode.swift; path = Reusable.swift; sourceTree = "<group>"; };
		659FFA8E264F85630063B962 /* EmptyView.swift */ = {isa = PBXFileReference; lastKnownFileType = sourcecode.swift; path = EmptyView.swift; sourceTree = "<group>"; };
		659FFA90264F85E70063B962 /* SpinnerRectView.swift */ = {isa = PBXFileReference; lastKnownFileType = sourcecode.swift; path = SpinnerRectView.swift; sourceTree = "<group>"; };
		659FFA92264F86890063B962 /* UIColorExtension.swift */ = {isa = PBXFileReference; lastKnownFileType = sourcecode.swift; path = UIColorExtension.swift; sourceTree = "<group>"; };
		659FFA94264F99690063B962 /* GithubRepositoryResponse.swift */ = {isa = PBXFileReference; lastKnownFileType = sourcecode.swift; path = GithubRepositoryResponse.swift; sourceTree = "<group>"; };
		659FFA97264F9FF50063B962 /* ArrayExtension.swift */ = {isa = PBXFileReference; lastKnownFileType = sourcecode.swift; path = ArrayExtension.swift; sourceTree = "<group>"; };
		65D7A9E0265895130017BA95 /* Throttler.swift */ = {isa = PBXFileReference; lastKnownFileType = sourcecode.swift; path = Throttler.swift; sourceTree = "<group>"; };
		65D7A9E226589F500017BA95 /* ThrottleDebouncer.swift */ = {isa = PBXFileReference; lastKnownFileType = sourcecode.swift; path = ThrottleDebouncer.swift; sourceTree = "<group>"; };
		65FC120C265755BC004D233B /* ViewModel.swift */ = {isa = PBXFileReference; lastKnownFileType = sourcecode.swift; path = ViewModel.swift; sourceTree = "<group>"; };
		678C7841123DD47258F120D8 /* Pods-GithubSearch.debug.xcconfig */ = {isa = PBXFileReference; includeInIndex = 1; lastKnownFileType = text.xcconfig; name = "Pods-GithubSearch.debug.xcconfig"; path = "Target Support Files/Pods-GithubSearch/Pods-GithubSearch.debug.xcconfig"; sourceTree = "<group>"; };
		6EE223E0D6ECB6DF570B5260 /* Pods-GithubSearch-GithubSearchUITests.debug.xcconfig */ = {isa = PBXFileReference; includeInIndex = 1; lastKnownFileType = text.xcconfig; name = "Pods-GithubSearch-GithubSearchUITests.debug.xcconfig"; path = "Target Support Files/Pods-GithubSearch-GithubSearchUITests/Pods-GithubSearch-GithubSearchUITests.debug.xcconfig"; sourceTree = "<group>"; };
		7EB52539B59BBA9DDB66DD50 /* Pods_GithubSearch.framework */ = {isa = PBXFileReference; explicitFileType = wrapper.framework; includeInIndex = 0; path = Pods_GithubSearch.framework; sourceTree = BUILT_PRODUCTS_DIR; };
		97854BE3D45E375F687FA3D8 /* Pods-GithubSearch-GithubSearchUITests.release.xcconfig */ = {isa = PBXFileReference; includeInIndex = 1; lastKnownFileType = text.xcconfig; name = "Pods-GithubSearch-GithubSearchUITests.release.xcconfig"; path = "Target Support Files/Pods-GithubSearch-GithubSearchUITests/Pods-GithubSearch-GithubSearchUITests.release.xcconfig"; sourceTree = "<group>"; };
		9A47644879F7121D13EA3E16 /* Pods_GithubSearch_GithubSearchUITests.framework */ = {isa = PBXFileReference; explicitFileType = wrapper.framework; includeInIndex = 0; path = Pods_GithubSearch_GithubSearchUITests.framework; sourceTree = BUILT_PRODUCTS_DIR; };
		A75A65DD27DA0F5A276EBB53 /* Pods_GithubSearchTests.framework */ = {isa = PBXFileReference; explicitFileType = wrapper.framework; includeInIndex = 0; path = Pods_GithubSearchTests.framework; sourceTree = BUILT_PRODUCTS_DIR; };
		E3A0100380F0E6E44411CC96 /* Pods-GithubSearchTests.release.xcconfig */ = {isa = PBXFileReference; includeInIndex = 1; lastKnownFileType = text.xcconfig; name = "Pods-GithubSearchTests.release.xcconfig"; path = "Target Support Files/Pods-GithubSearchTests/Pods-GithubSearchTests.release.xcconfig"; sourceTree = "<group>"; };
/* End PBXFileReference section */

/* Begin PBXFrameworksBuildPhase section */
		659FFA00264EB0C00063B962 /* Frameworks */ = {
			isa = PBXFrameworksBuildPhase;
			buildActionMask = 2147483647;
			files = (
				7E7928B666ECF2F572D43EDD /* Pods_GithubSearch.framework in Frameworks */,
			);
			runOnlyForDeploymentPostprocessing = 0;
		};
		659FFA16264EB0C30063B962 /* Frameworks */ = {
			isa = PBXFrameworksBuildPhase;
			buildActionMask = 2147483647;
			files = (
				FD9E18E65578CA371F12E97B /* Pods_GithubSearchTests.framework in Frameworks */,
			);
			runOnlyForDeploymentPostprocessing = 0;
		};
		659FFA21264EB0C30063B962 /* Frameworks */ = {
			isa = PBXFrameworksBuildPhase;
			buildActionMask = 2147483647;
			files = (
				0434BF5F29E122390568DACA /* Pods_GithubSearch_GithubSearchUITests.framework in Frameworks */,
			);
			runOnlyForDeploymentPostprocessing = 0;
		};
/* End PBXFrameworksBuildPhase section */

/* Begin PBXGroup section */
		4241BAE221D56473AC6F9D7D /* Pods */ = {
			isa = PBXGroup;
			children = (
				678C7841123DD47258F120D8 /* Pods-GithubSearch.debug.xcconfig */,
				582EB0FCA6004FE0D845BC3B /* Pods-GithubSearch.release.xcconfig */,
				6EE223E0D6ECB6DF570B5260 /* Pods-GithubSearch-GithubSearchUITests.debug.xcconfig */,
				97854BE3D45E375F687FA3D8 /* Pods-GithubSearch-GithubSearchUITests.release.xcconfig */,
				18558F02920734EA85F0F085 /* Pods-GithubSearchTests.debug.xcconfig */,
				E3A0100380F0E6E44411CC96 /* Pods-GithubSearchTests.release.xcconfig */,
			);
			path = Pods;
			sourceTree = "<group>";
		};
		6501DCEE264FC8ED00ACD78D /* Model */ = {
			isa = PBXGroup;
			children = (
				659FFA94264F99690063B962 /* GithubRepositoryResponse.swift */,
				659FFA7C264F83300063B962 /* GithubRepositoryItem.swift */,
				659FFA86264F83940063B962 /* RepositoryLicense.swift */,
				659FFA82264F836E0063B962 /* RepositoryOwner.swift */,
			);
			path = Model;
			sourceTree = "<group>";
		};
		6501DCEF264FC96500ACD78D /* WebView */ = {
			isa = PBXGroup;
			children = (
				659FFA5C264F65500063B962 /* SimpleWebViewController.swift */,
				659FFA5E264F65780063B962 /* SimpleWebViewModel.swift */,
			);
			path = WebView;
			sourceTree = "<group>";
		};
		6501DCF0264FCF9200ACD78D /* SearchTerm */ = {
			isa = PBXGroup;
			children = (
				6501DCF1264FCF9200ACD78D /* SearchTermHeaderView.swift */,
				6501DCF2264FCF9200ACD78D /* SearchTermViewModel.swift */,
				6501DCF3264FCF9200ACD78D /* SearchTermViewController.swift */,
				6501DCF4264FCF9200ACD78D /* SearchTermTableViewCell.swift */,
			);
			path = SearchTerm;
			sourceTree = "<group>";
		};
		6501DD1A264FE96A00ACD78D /* Model */ = {
			isa = PBXGroup;
			children = (
				6501DD12264FE77200ACD78D /* RepositoryOwnerTests.swift */,
				6501DD14264FE7CC00ACD78D /* RepositoryOwnerSuccess.json */,
				6501DD16264FE85400ACD78D /* RepositoryLicenseTests.swift */,
				6501DD18264FE89200ACD78D /* RepositoryLicenseSuccess.json */,
				6501DD1B264FFC5F00ACD78D /* GithubRepositoryItemTests.swift */,
				6501DD1D264FFCC300ACD78D /* GithubRepositoryItemSuccess.json */,
				6501DD1F264FFD3700ACD78D /* GithubRepositoryResponseTests.swift */,
				6501DD21264FFD7700ACD78D /* GithubRepositoryResponseSuccess.json */,
			);
			path = Model;
			sourceTree = "<group>";
		};
		6501DD23264FFE7E00ACD78D /* Manager */ = {
			isa = PBXGroup;
			children = (
				6501DD0C264FE64D00ACD78D /* ApiClientTests.swift */,
				6501DD06264FE1F200ACD78D /* DBManagerTests.swift */,
				6501DD0E264FE6D100ACD78D /* ReachabilityManagerTests.swift */,
			);
			path = Manager;
			sourceTree = "<group>";
		};
		6501DD24264FFE8B00ACD78D /* Page */ = {
			isa = PBXGroup;
			children = (
				6501DD43265011F700ACD78D /* SearchResultViewModelTests.swift */,
				6501DD0A264FE33300ACD78D /* SearchTermViewModelTests.swift */,
				6501DD45265012B700ACD78D /* SearchViewModelTests.swift */,
			);
			path = Page;
			sourceTree = "<group>";
		};
		6501DD25264FFE9E00ACD78D /* Tools */ = {
			isa = PBXGroup;
			children = (
				6501DD08264FE26500ACD78D /* StringUtilTests.swift */,
				6501DD26264FFF5700ACD78D /* LoggerTests.swift */,
			);
			path = Tools;
			sourceTree = "<group>";
		};
		6501DD402650109200ACD78D /* Config */ = {
			isa = PBXGroup;
			children = (
				6501DD2F2650087600ACD78D /* UITestConfig.swift */,
				6501DD28265007E900ACD78D /* Utility.swift */,
			);
			path = Config;
			sourceTree = "<group>";
		};
		6501DD41265010A000ACD78D /* TestSuites */ = {
			isa = PBXGroup;
			children = (
				6501DD3A26500C7600ACD78D /* SearchPageTests.swift */,
			);
			path = TestSuites;
			sourceTree = "<group>";
		};
		6501DD42265010A800ACD78D /* PageObject */ = {
			isa = PBXGroup;
			children = (
				6501DD3E26500E2600ACD78D /* SearchPage.swift */,
			);
			path = PageObject;
			sourceTree = "<group>";
		};
		659FF9FA264EB0C00063B962 = {
			isa = PBXGroup;
			children = (
				659FFA05264EB0C00063B962 /* GithubSearch */,
				659FFA1C264EB0C30063B962 /* GithubSearchTests */,
				659FFA27264EB0C30063B962 /* GithubSearchUITests */,
				659FFA04264EB0C00063B962 /* Products */,
				4241BAE221D56473AC6F9D7D /* Pods */,
				E1CD38FDF5F82E4AFB6F368A /* Frameworks */,
			);
			sourceTree = "<group>";
		};
		659FFA04264EB0C00063B962 /* Products */ = {
			isa = PBXGroup;
			children = (
				659FFA03264EB0C00063B962 /* GithubSearch.app */,
				659FFA19264EB0C30063B962 /* GithubSearchTests.xctest */,
				659FFA24264EB0C30063B962 /* GithubSearchUITests.xctest */,
			);
			name = Products;
			sourceTree = "<group>";
		};
		659FFA05264EB0C00063B962 /* GithubSearch */ = {
			isa = PBXGroup;
			children = (
				659FFA14264EB0C30063B962 /* Info.plist */,
				659FFA06264EB0C00063B962 /* AppDelegate.swift */,
				659FFA63264F6AE70063B962 /* Displayable.swift */,
				659FFA08264EB0C00063B962 /* SceneDelegate.swift */,
				659FFA0A264EB0C00063B962 /* ViewController.swift */,
				65FC120C265755BC004D233B /* ViewModel.swift */,
				659FFA0F264EB0C30063B962 /* Assets.xcassets */,
				659FFA7B264F82EB0063B962 /* API */,
				659FFA96264F9A2B0063B962 /* Extensions */,
				659FFA11264EB0C30063B962 /* LaunchScreen.storyboard */,
				659FFA0C264EB0C00063B962 /* Main.storyboard */,
				659FFA7A264F82E10063B962 /* Manager */,
				6501DCEE264FC8ED00ACD78D /* Model */,
				659FFA60264F69090063B962 /* Page */,
				659FFA79264F829B0063B962 /* Tools */,
				65D7A9E0265895130017BA95 /* Throttler.swift */,
				65D7A9E226589F500017BA95 /* ThrottleDebouncer.swift */,
			);
			path = GithubSearch;
			sourceTree = "<group>";
		};
		659FFA1C264EB0C30063B962 /* GithubSearchTests */ = {
			isa = PBXGroup;
			children = (
				659FFA1F264EB0C30063B962 /* Info.plist */,
				6501DD10264FE71A00ACD78D /* API+Util.swift */,
				659FFA1D264EB0C30063B962 /* GithubSearchTests.swift */,
				6501DD23264FFE7E00ACD78D /* Manager */,
				6501DD1A264FE96A00ACD78D /* Model */,
				6501DD24264FFE8B00ACD78D /* Page */,
				6501DD25264FFE9E00ACD78D /* Tools */,
			);
			path = GithubSearchTests;
			sourceTree = "<group>";
		};
		659FFA27264EB0C30063B962 /* GithubSearchUITests */ = {
			isa = PBXGroup;
			children = (
				659FFA2A264EB0C30063B962 /* Info.plist */,
				659FFA28264EB0C30063B962 /* GithubSearchUITests.swift */,
				6501DD402650109200ACD78D /* Config */,
				6501DD42265010A800ACD78D /* PageObject */,
				6501DD41265010A000ACD78D /* TestSuites */,
			);
			path = GithubSearchUITests;
			sourceTree = "<group>";
		};
		659FFA38264F61AD0063B962 /* Search */ = {
			isa = PBXGroup;
			children = (
				659FFA3A264F61AD0063B962 /* SearchBarTitleView.swift */,
				659FFA3B264F61AD0063B962 /* SearchCoordinator.swift */,
				659FFA39264F61AD0063B962 /* SearchViewController.swift */,
				659FFA41264F61AD0063B962 /* SearchViewModel.swift */,
				659FFA42264F61AD0063B962 /* SearchResult */,
				6501DCF0264FCF9200ACD78D /* SearchTerm */,
			);
			path = Search;
			sourceTree = "<group>";
		};
		659FFA42264F61AD0063B962 /* SearchResult */ = {
			isa = PBXGroup;
			children = (
				659FFA43264F61AD0063B962 /* SearchResultViewController.swift */,
				659FFA44264F61AD0063B962 /* SearchResultHeaderView.swift */,
				659FFA45264F61AD0063B962 /* SearchResultViewModel.swift */,
				659FFA46264F61AD0063B962 /* SearchResultTableViewCell */,
			);
			path = SearchResult;
			sourceTree = "<group>";
		};
		659FFA46264F61AD0063B962 /* SearchResultTableViewCell */ = {
			isa = PBXGroup;
			children = (
				659FFA47264F61AD0063B962 /* SearchResultWithImageTableViewCell.xib */,
				659FFA48264F61AD0063B962 /* SearchResultNoImageTableViewCell.xib */,
				659FFA49264F61AD0063B962 /* SearchResultTableViewCell.swift */,
			);
			path = SearchResultTableViewCell;
			sourceTree = "<group>";
		};
		659FFA60264F69090063B962 /* Page */ = {
			isa = PBXGroup;
			children = (
				659FFA77264F823D0063B962 /* Common */,
				659FFA78264F825A0063B962 /* Main */,
				659FFA38264F61AD0063B962 /* Search */,
				6501DCEF264FC96500ACD78D /* WebView */,
			);
			path = Page;
			sourceTree = "<group>";
		};
		659FFA77264F823D0063B962 /* Common */ = {
			isa = PBXGroup;
			children = (
				659FFA61264F691A0063B962 /* ExtraTouchAreaButton.swift */,
				659FFA88264F84290063B962 /* LoadingIndicatorDisplayable.swift */,
				659FFA8C264F84D00063B962 /* Reusable.swift */,
				659FFA90264F85E70063B962 /* SpinnerRectView.swift */,
			);
			path = Common;
			sourceTree = "<group>";
		};
		659FFA78264F825A0063B962 /* Main */ = {
			isa = PBXGroup;
			children = (
				659FFA5A264F65320063B962 /* BaseWebViewController.swift */,
				659FFA8E264F85630063B962 /* EmptyView.swift */,
				659FFA58264F64850063B962 /* GithubNavigable.swift */,
				6501DCFF264FD3E200ACD78D /* NoNetworkDisplayable.swift */,
				6501DCFD264FD2D700ACD78D /* NoNetworkView.swift */,
				6501DD01264FD4CF00ACD78D /* EmptyDisplayable.swift */,
			);
			path = Main;
			sourceTree = "<group>";
		};
		659FFA79264F829B0063B962 /* Tools */ = {
			isa = PBXGroup;
			children = (
				659FFA6D264F7C1E0063B962 /* Logger.swift */,
				659FFA67264F6C3F0063B962 /* String+Util.swift */,
				659FFA92264F86890063B962 /* UIColorExtension.swift */,
				6501DD2C2650083B00ACD78D /* UITestIdentifierConfig.swift */,
				659FFA65264F6B6D0063B962 /* UIView+AutoLayout.swift */,
			);
			path = Tools;
			sourceTree = "<group>";
		};
		659FFA7A264F82E10063B962 /* Manager */ = {
			isa = PBXGroup;
			children = (
				659FFA71264F7E280063B962 /* ApiClient.swift */,
				659FFA73264F7EC70063B962 /* HTTPMethod.swift */,
				6501DCF9264FCFFF00ACD78D /* DBManager.swift */,
				6501DCFB264FD0A200ACD78D /* DBManager+RecentSearch.swift */,
				6501DD03264FD6A300ACD78D /* ReachabilityManager.swift */,
			);
			path = Manager;
			sourceTree = "<group>";
		};
		659FFA7B264F82EB0063B962 /* API */ = {
			isa = PBXGroup;
			children = (
				659FFA6B264F7A080063B962 /* GithubAPI.swift */,
				659FFA75264F7F720063B962 /* GithubSearchRepositoriesAPI.swift */,
				659FFA6F264F7E050063B962 /* NetworkClient.swift */,
				659FFA69264F79E60063B962 /* NetworkRequest.swift */,
			);
			path = API;
			sourceTree = "<group>";
		};
		659FFA96264F9A2B0063B962 /* Extensions */ = {
			isa = PBXGroup;
			children = (
				659FFA97264F9FF50063B962 /* ArrayExtension.swift */,
				659FFA8A264F84980063B962 /* UITableViewExtension.swift */,
			);
			path = Extensions;
			sourceTree = "<group>";
		};
		E1CD38FDF5F82E4AFB6F368A /* Frameworks */ = {
			isa = PBXGroup;
			children = (
				7EB52539B59BBA9DDB66DD50 /* Pods_GithubSearch.framework */,
				9A47644879F7121D13EA3E16 /* Pods_GithubSearch_GithubSearchUITests.framework */,
				A75A65DD27DA0F5A276EBB53 /* Pods_GithubSearchTests.framework */,
			);
			name = Frameworks;
			sourceTree = "<group>";
		};
/* End PBXGroup section */

/* Begin PBXNativeTarget section */
		659FFA02264EB0C00063B962 /* GithubSearch */ = {
			isa = PBXNativeTarget;
			buildConfigurationList = 659FFA2D264EB0C30063B962 /* Build configuration list for PBXNativeTarget "GithubSearch" */;
			buildPhases = (
				5474A1F3818C0389EC5C905E /* [CP] Check Pods Manifest.lock */,
				659FF9FF264EB0C00063B962 /* Sources */,
				659FFA00264EB0C00063B962 /* Frameworks */,
				659FFA01264EB0C00063B962 /* Resources */,
				00FE45AEAC45CF1C82F84429 /* [CP] Embed Pods Frameworks */,
			);
			buildRules = (
			);
			dependencies = (
			);
			name = GithubSearch;
			productName = GithubSearch;
			productReference = 659FFA03264EB0C00063B962 /* GithubSearch.app */;
			productType = "com.apple.product-type.application";
		};
		659FFA18264EB0C30063B962 /* GithubSearchTests */ = {
			isa = PBXNativeTarget;
			buildConfigurationList = 659FFA30264EB0C30063B962 /* Build configuration list for PBXNativeTarget "GithubSearchTests" */;
			buildPhases = (
				D9BD23EAB68586664E3B0AE2 /* [CP] Check Pods Manifest.lock */,
				659FFA15264EB0C30063B962 /* Sources */,
				659FFA16264EB0C30063B962 /* Frameworks */,
				659FFA17264EB0C30063B962 /* Resources */,
			);
			buildRules = (
			);
			dependencies = (
				659FFA1B264EB0C30063B962 /* PBXTargetDependency */,
			);
			name = GithubSearchTests;
			productName = GithubSearchTests;
			productReference = 659FFA19264EB0C30063B962 /* GithubSearchTests.xctest */;
			productType = "com.apple.product-type.bundle.unit-test";
		};
		659FFA23264EB0C30063B962 /* GithubSearchUITests */ = {
			isa = PBXNativeTarget;
			buildConfigurationList = 659FFA33264EB0C30063B962 /* Build configuration list for PBXNativeTarget "GithubSearchUITests" */;
			buildPhases = (
				403617011950C821B0DDA706 /* [CP] Check Pods Manifest.lock */,
				659FFA20264EB0C30063B962 /* Sources */,
				659FFA21264EB0C30063B962 /* Frameworks */,
				659FFA22264EB0C30063B962 /* Resources */,
				F0C16DFDFF6ACF8AB590BA84 /* [CP] Embed Pods Frameworks */,
			);
			buildRules = (
			);
			dependencies = (
				659FFA26264EB0C30063B962 /* PBXTargetDependency */,
			);
			name = GithubSearchUITests;
			productName = GithubSearchUITests;
			productReference = 659FFA24264EB0C30063B962 /* GithubSearchUITests.xctest */;
			productType = "com.apple.product-type.bundle.ui-testing";
		};
/* End PBXNativeTarget section */

/* Begin PBXProject section */
		659FF9FB264EB0C00063B962 /* Project object */ = {
			isa = PBXProject;
			attributes = {
				LastSwiftUpdateCheck = 1250;
				LastUpgradeCheck = 1250;
				TargetAttributes = {
					659FFA02264EB0C00063B962 = {
						CreatedOnToolsVersion = 12.5;
					};
					659FFA18264EB0C30063B962 = {
						CreatedOnToolsVersion = 12.5;
						TestTargetID = 659FFA02264EB0C00063B962;
					};
					659FFA23264EB0C30063B962 = {
						CreatedOnToolsVersion = 12.5;
						TestTargetID = 659FFA02264EB0C00063B962;
					};
				};
			};
			buildConfigurationList = 659FF9FE264EB0C00063B962 /* Build configuration list for PBXProject "GithubSearch" */;
			compatibilityVersion = "Xcode 9.3";
			developmentRegion = en;
			hasScannedForEncodings = 0;
			knownRegions = (
				en,
				Base,
			);
			mainGroup = 659FF9FA264EB0C00063B962;
			productRefGroup = 659FFA04264EB0C00063B962 /* Products */;
			projectDirPath = "";
			projectRoot = "";
			targets = (
				659FFA02264EB0C00063B962 /* GithubSearch */,
				659FFA18264EB0C30063B962 /* GithubSearchTests */,
				659FFA23264EB0C30063B962 /* GithubSearchUITests */,
			);
		};
/* End PBXProject section */

/* Begin PBXResourcesBuildPhase section */
		659FFA01264EB0C00063B962 /* Resources */ = {
			isa = PBXResourcesBuildPhase;
			buildActionMask = 2147483647;
			files = (
				659FFA13264EB0C30063B962 /* LaunchScreen.storyboard in Resources */,
				659FFA10264EB0C30063B962 /* Assets.xcassets in Resources */,
				659FFA56264F61AD0063B962 /* SearchResultNoImageTableViewCell.xib in Resources */,
				659FFA55264F61AD0063B962 /* SearchResultWithImageTableViewCell.xib in Resources */,
				659FFA0E264EB0C00063B962 /* Main.storyboard in Resources */,
			);
			runOnlyForDeploymentPostprocessing = 0;
		};
		659FFA17264EB0C30063B962 /* Resources */ = {
			isa = PBXResourcesBuildPhase;
			buildActionMask = 2147483647;
			files = (
				6501DD15264FE7CC00ACD78D /* RepositoryOwnerSuccess.json in Resources */,
				6501DD1E264FFCC300ACD78D /* GithubRepositoryItemSuccess.json in Resources */,
				6501DD19264FE89200ACD78D /* RepositoryLicenseSuccess.json in Resources */,
				6501DD22264FFD7700ACD78D /* GithubRepositoryResponseSuccess.json in Resources */,
			);
			runOnlyForDeploymentPostprocessing = 0;
		};
		659FFA22264EB0C30063B962 /* Resources */ = {
			isa = PBXResourcesBuildPhase;
			buildActionMask = 2147483647;
			files = (
			);
			runOnlyForDeploymentPostprocessing = 0;
		};
/* End PBXResourcesBuildPhase section */

/* Begin PBXShellScriptBuildPhase section */
		00FE45AEAC45CF1C82F84429 /* [CP] Embed Pods Frameworks */ = {
			isa = PBXShellScriptBuildPhase;
			buildActionMask = 2147483647;
			files = (
			);
			inputFileListPaths = (
				"${PODS_ROOT}/Target Support Files/Pods-GithubSearch/Pods-GithubSearch-frameworks-${CONFIGURATION}-input-files.xcfilelist",
			);
			name = "[CP] Embed Pods Frameworks";
			outputFileListPaths = (
				"${PODS_ROOT}/Target Support Files/Pods-GithubSearch/Pods-GithubSearch-frameworks-${CONFIGURATION}-output-files.xcfilelist",
			);
			runOnlyForDeploymentPostprocessing = 0;
			shellPath = /bin/sh;
			shellScript = "\"${PODS_ROOT}/Target Support Files/Pods-GithubSearch/Pods-GithubSearch-frameworks.sh\"\n";
			showEnvVarsInLog = 0;
		};
		403617011950C821B0DDA706 /* [CP] Check Pods Manifest.lock */ = {
			isa = PBXShellScriptBuildPhase;
			buildActionMask = 2147483647;
			files = (
			);
			inputFileListPaths = (
			);
			inputPaths = (
				"${PODS_PODFILE_DIR_PATH}/Podfile.lock",
				"${PODS_ROOT}/Manifest.lock",
			);
			name = "[CP] Check Pods Manifest.lock";
			outputFileListPaths = (
			);
			outputPaths = (
				"$(DERIVED_FILE_DIR)/Pods-GithubSearch-GithubSearchUITests-checkManifestLockResult.txt",
			);
			runOnlyForDeploymentPostprocessing = 0;
			shellPath = /bin/sh;
			shellScript = "diff \"${PODS_PODFILE_DIR_PATH}/Podfile.lock\" \"${PODS_ROOT}/Manifest.lock\" > /dev/null\nif [ $? != 0 ] ; then\n    # print error to STDERR\n    echo \"error: The sandbox is not in sync with the Podfile.lock. Run 'pod install' or update your CocoaPods installation.\" >&2\n    exit 1\nfi\n# This output is used by Xcode 'outputs' to avoid re-running this script phase.\necho \"SUCCESS\" > \"${SCRIPT_OUTPUT_FILE_0}\"\n";
			showEnvVarsInLog = 0;
		};
		5474A1F3818C0389EC5C905E /* [CP] Check Pods Manifest.lock */ = {
			isa = PBXShellScriptBuildPhase;
			buildActionMask = 2147483647;
			files = (
			);
			inputFileListPaths = (
			);
			inputPaths = (
				"${PODS_PODFILE_DIR_PATH}/Podfile.lock",
				"${PODS_ROOT}/Manifest.lock",
			);
			name = "[CP] Check Pods Manifest.lock";
			outputFileListPaths = (
			);
			outputPaths = (
				"$(DERIVED_FILE_DIR)/Pods-GithubSearch-checkManifestLockResult.txt",
			);
			runOnlyForDeploymentPostprocessing = 0;
			shellPath = /bin/sh;
			shellScript = "diff \"${PODS_PODFILE_DIR_PATH}/Podfile.lock\" \"${PODS_ROOT}/Manifest.lock\" > /dev/null\nif [ $? != 0 ] ; then\n    # print error to STDERR\n    echo \"error: The sandbox is not in sync with the Podfile.lock. Run 'pod install' or update your CocoaPods installation.\" >&2\n    exit 1\nfi\n# This output is used by Xcode 'outputs' to avoid re-running this script phase.\necho \"SUCCESS\" > \"${SCRIPT_OUTPUT_FILE_0}\"\n";
			showEnvVarsInLog = 0;
		};
		D9BD23EAB68586664E3B0AE2 /* [CP] Check Pods Manifest.lock */ = {
			isa = PBXShellScriptBuildPhase;
			buildActionMask = 2147483647;
			files = (
			);
			inputFileListPaths = (
			);
			inputPaths = (
				"${PODS_PODFILE_DIR_PATH}/Podfile.lock",
				"${PODS_ROOT}/Manifest.lock",
			);
			name = "[CP] Check Pods Manifest.lock";
			outputFileListPaths = (
			);
			outputPaths = (
				"$(DERIVED_FILE_DIR)/Pods-GithubSearchTests-checkManifestLockResult.txt",
			);
			runOnlyForDeploymentPostprocessing = 0;
			shellPath = /bin/sh;
			shellScript = "diff \"${PODS_PODFILE_DIR_PATH}/Podfile.lock\" \"${PODS_ROOT}/Manifest.lock\" > /dev/null\nif [ $? != 0 ] ; then\n    # print error to STDERR\n    echo \"error: The sandbox is not in sync with the Podfile.lock. Run 'pod install' or update your CocoaPods installation.\" >&2\n    exit 1\nfi\n# This output is used by Xcode 'outputs' to avoid re-running this script phase.\necho \"SUCCESS\" > \"${SCRIPT_OUTPUT_FILE_0}\"\n";
			showEnvVarsInLog = 0;
		};
		F0C16DFDFF6ACF8AB590BA84 /* [CP] Embed Pods Frameworks */ = {
			isa = PBXShellScriptBuildPhase;
			buildActionMask = 2147483647;
			files = (
			);
			inputFileListPaths = (
				"${PODS_ROOT}/Target Support Files/Pods-GithubSearch-GithubSearchUITests/Pods-GithubSearch-GithubSearchUITests-frameworks-${CONFIGURATION}-input-files.xcfilelist",
			);
			name = "[CP] Embed Pods Frameworks";
			outputFileListPaths = (
				"${PODS_ROOT}/Target Support Files/Pods-GithubSearch-GithubSearchUITests/Pods-GithubSearch-GithubSearchUITests-frameworks-${CONFIGURATION}-output-files.xcfilelist",
			);
			runOnlyForDeploymentPostprocessing = 0;
			shellPath = /bin/sh;
			shellScript = "\"${PODS_ROOT}/Target Support Files/Pods-GithubSearch-GithubSearchUITests/Pods-GithubSearch-GithubSearchUITests-frameworks.sh\"\n";
			showEnvVarsInLog = 0;
		};
/* End PBXShellScriptBuildPhase section */

/* Begin PBXSourcesBuildPhase section */
		659FF9FF264EB0C00063B962 /* Sources */ = {
			isa = PBXSourcesBuildPhase;
			buildActionMask = 2147483647;
			files = (
				6501DD00264FD3E200ACD78D /* NoNetworkDisplayable.swift in Sources */,
				659FFA51264F61AD0063B962 /* SearchViewModel.swift in Sources */,
				659FFA6E264F7C1E0063B962 /* Logger.swift in Sources */,
				659FFA0B264EB0C00063B962 /* ViewController.swift in Sources */,
				659FFA68264F6C3F0063B962 /* String+Util.swift in Sources */,
				659FFA7D264F83300063B962 /* GithubRepositoryItem.swift in Sources */,
				65FC120D265755BC004D233B /* ViewModel.swift in Sources */,
				659FFA07264EB0C00063B962 /* AppDelegate.swift in Sources */,
				659FFA4A264F61AD0063B962 /* SearchViewController.swift in Sources */,
				659FFA5F264F65780063B962 /* SimpleWebViewModel.swift in Sources */,
				659FFA5B264F65320063B962 /* BaseWebViewController.swift in Sources */,
				659FFA74264F7EC70063B962 /* HTTPMethod.swift in Sources */,
				659FFA4B264F61AD0063B962 /* SearchBarTitleView.swift in Sources */,
				659FFA66264F6B6D0063B962 /* UIView+AutoLayout.swift in Sources */,
				659FFA54264F61AD0063B962 /* SearchResultViewModel.swift in Sources */,
				6501DCFA264FCFFF00ACD78D /* DBManager.swift in Sources */,
				65D7A9E1265895130017BA95 /* Throttler.swift in Sources */,
				659FFA72264F7E280063B962 /* ApiClient.swift in Sources */,
				6501DD02264FD4CF00ACD78D /* EmptyDisplayable.swift in Sources */,
				6501DCF6264FCF9200ACD78D /* SearchTermViewModel.swift in Sources */,
				6501DCFC264FD0A200ACD78D /* DBManager+RecentSearch.swift in Sources */,
				659FFA5D264F65500063B962 /* SimpleWebViewController.swift in Sources */,
				659FFA91264F85E70063B962 /* SpinnerRectView.swift in Sources */,
				659FFA89264F84290063B962 /* LoadingIndicatorDisplayable.swift in Sources */,
				659FFA4C264F61AD0063B962 /* SearchCoordinator.swift in Sources */,
				659FFA62264F691A0063B962 /* ExtraTouchAreaButton.swift in Sources */,
				659FFA95264F99690063B962 /* GithubRepositoryResponse.swift in Sources */,
				659FFA83264F836E0063B962 /* RepositoryOwner.swift in Sources */,
				6501DCFE264FD2D700ACD78D /* NoNetworkView.swift in Sources */,
				6501DCF5264FCF9200ACD78D /* SearchTermHeaderView.swift in Sources */,
				659FFA93264F86890063B962 /* UIColorExtension.swift in Sources */,
				659FFA87264F83940063B962 /* RepositoryLicense.swift in Sources */,
				6501DD2D2650083B00ACD78D /* UITestIdentifierConfig.swift in Sources */,
				6501DCF8264FCF9200ACD78D /* SearchTermTableViewCell.swift in Sources */,
				659FFA57264F61AD0063B962 /* SearchResultTableViewCell.swift in Sources */,
				659FFA6A264F79E60063B962 /* NetworkRequest.swift in Sources */,
				659FFA8B264F84980063B962 /* UITableViewExtension.swift in Sources */,
				659FFA64264F6AE70063B962 /* Displayable.swift in Sources */,
				659FFA76264F7F720063B962 /* GithubSearchRepositoriesAPI.swift in Sources */,
				6501DCF7264FCF9200ACD78D /* SearchTermViewController.swift in Sources */,
				6501DD04264FD6A300ACD78D /* ReachabilityManager.swift in Sources */,
				659FFA8F264F85630063B962 /* EmptyView.swift in Sources */,
				659FFA59264F64850063B962 /* GithubNavigable.swift in Sources */,
				659FFA98264F9FF50063B962 /* ArrayExtension.swift in Sources */,
				65D7A9E326589F500017BA95 /* ThrottleDebouncer.swift in Sources */,
				659FFA52264F61AD0063B962 /* SearchResultViewController.swift in Sources */,
				659FFA09264EB0C00063B962 /* SceneDelegate.swift in Sources */,
				659FFA6C264F7A080063B962 /* GithubAPI.swift in Sources */,
				659FFA70264F7E050063B962 /* NetworkClient.swift in Sources */,
				659FFA53264F61AD0063B962 /* SearchResultHeaderView.swift in Sources */,
				659FFA8D264F84D00063B962 /* Reusable.swift in Sources */,
			);
			runOnlyForDeploymentPostprocessing = 0;
		};
		659FFA15264EB0C30063B962 /* Sources */ = {
			isa = PBXSourcesBuildPhase;
			buildActionMask = 2147483647;
			files = (
				6501DD0D264FE64D00ACD78D /* ApiClientTests.swift in Sources */,
				6501DD09264FE26500ACD78D /* StringUtilTests.swift in Sources */,
				6501DD44265011F700ACD78D /* SearchResultViewModelTests.swift in Sources */,
				659FFA1E264EB0C30063B962 /* GithubSearchTests.swift in Sources */,
				6501DD13264FE77200ACD78D /* RepositoryOwnerTests.swift in Sources */,
				6501DD17264FE85400ACD78D /* RepositoryLicenseTests.swift in Sources */,
				6501DD1C264FFC5F00ACD78D /* GithubRepositoryItemTests.swift in Sources */,
				6501DD11264FE71A00ACD78D /* API+Util.swift in Sources */,
				6501DD27264FFF5700ACD78D /* LoggerTests.swift in Sources */,
				6501DD0B264FE33300ACD78D /* SearchTermViewModelTests.swift in Sources */,
				6501DD0F264FE6D100ACD78D /* ReachabilityManagerTests.swift in Sources */,
				6501DD20264FFD3700ACD78D /* GithubRepositoryResponseTests.swift in Sources */,
				6501DD46265012B700ACD78D /* SearchViewModelTests.swift in Sources */,
				6501DD07264FE1F200ACD78D /* DBManagerTests.swift in Sources */,
			);
			runOnlyForDeploymentPostprocessing = 0;
		};
		659FFA20264EB0C30063B962 /* Sources */ = {
			isa = PBXSourcesBuildPhase;
			buildActionMask = 2147483647;
			files = (
				6501DD29265007E900ACD78D /* Utility.swift in Sources */,
				6501DD302650087600ACD78D /* UITestConfig.swift in Sources */,
				6501DD3F26500E2600ACD78D /* SearchPage.swift in Sources */,
				6501DD3B26500C7600ACD78D /* SearchPageTests.swift in Sources */,
				659FFA29264EB0C30063B962 /* GithubSearchUITests.swift in Sources */,
				6501DD3D26500D7100ACD78D /* UITestIdentifierConfig.swift in Sources */,
			);
			runOnlyForDeploymentPostprocessing = 0;
		};
/* End PBXSourcesBuildPhase section */

/* Begin PBXTargetDependency section */
		659FFA1B264EB0C30063B962 /* PBXTargetDependency */ = {
			isa = PBXTargetDependency;
			target = 659FFA02264EB0C00063B962 /* GithubSearch */;
			targetProxy = 659FFA1A264EB0C30063B962 /* PBXContainerItemProxy */;
		};
		659FFA26264EB0C30063B962 /* PBXTargetDependency */ = {
			isa = PBXTargetDependency;
			target = 659FFA02264EB0C00063B962 /* GithubSearch */;
			targetProxy = 659FFA25264EB0C30063B962 /* PBXContainerItemProxy */;
		};
/* End PBXTargetDependency section */

/* Begin PBXVariantGroup section */
		659FFA0C264EB0C00063B962 /* Main.storyboard */ = {
			isa = PBXVariantGroup;
			children = (
				659FFA0D264EB0C00063B962 /* Base */,
			);
			name = Main.storyboard;
			sourceTree = "<group>";
		};
		659FFA11264EB0C30063B962 /* LaunchScreen.storyboard */ = {
			isa = PBXVariantGroup;
			children = (
				659FFA12264EB0C30063B962 /* Base */,
			);
			name = LaunchScreen.storyboard;
			sourceTree = "<group>";
		};
/* End PBXVariantGroup section */

/* Begin XCBuildConfiguration section */
		659FFA2B264EB0C30063B962 /* Debug */ = {
			isa = XCBuildConfiguration;
			buildSettings = {
				ALWAYS_SEARCH_USER_PATHS = NO;
				CLANG_ANALYZER_NONNULL = YES;
				CLANG_ANALYZER_NUMBER_OBJECT_CONVERSION = YES_AGGRESSIVE;
				CLANG_CXX_LANGUAGE_STANDARD = "gnu++14";
				CLANG_CXX_LIBRARY = "libc++";
				CLANG_ENABLE_MODULES = YES;
				CLANG_ENABLE_OBJC_ARC = YES;
				CLANG_ENABLE_OBJC_WEAK = YES;
				CLANG_WARN_BLOCK_CAPTURE_AUTORELEASING = YES;
				CLANG_WARN_BOOL_CONVERSION = YES;
				CLANG_WARN_COMMA = YES;
				CLANG_WARN_CONSTANT_CONVERSION = YES;
				CLANG_WARN_DEPRECATED_OBJC_IMPLEMENTATIONS = YES;
				CLANG_WARN_DIRECT_OBJC_ISA_USAGE = YES_ERROR;
				CLANG_WARN_DOCUMENTATION_COMMENTS = YES;
				CLANG_WARN_EMPTY_BODY = YES;
				CLANG_WARN_ENUM_CONVERSION = YES;
				CLANG_WARN_INFINITE_RECURSION = YES;
				CLANG_WARN_INT_CONVERSION = YES;
				CLANG_WARN_NON_LITERAL_NULL_CONVERSION = YES;
				CLANG_WARN_OBJC_IMPLICIT_RETAIN_SELF = YES;
				CLANG_WARN_OBJC_LITERAL_CONVERSION = YES;
				CLANG_WARN_OBJC_ROOT_CLASS = YES_ERROR;
				CLANG_WARN_QUOTED_INCLUDE_IN_FRAMEWORK_HEADER = YES;
				CLANG_WARN_RANGE_LOOP_ANALYSIS = YES;
				CLANG_WARN_STRICT_PROTOTYPES = YES;
				CLANG_WARN_SUSPICIOUS_MOVE = YES;
				CLANG_WARN_UNGUARDED_AVAILABILITY = YES_AGGRESSIVE;
				CLANG_WARN_UNREACHABLE_CODE = YES;
				CLANG_WARN__DUPLICATE_METHOD_MATCH = YES;
				COPY_PHASE_STRIP = NO;
				DEBUG_INFORMATION_FORMAT = dwarf;
				ENABLE_STRICT_OBJC_MSGSEND = YES;
				ENABLE_TESTABILITY = YES;
				GCC_C_LANGUAGE_STANDARD = gnu11;
				GCC_DYNAMIC_NO_PIC = NO;
				GCC_NO_COMMON_BLOCKS = YES;
				GCC_OPTIMIZATION_LEVEL = 0;
				GCC_PREPROCESSOR_DEFINITIONS = (
					"DEBUG=1",
					"$(inherited)",
				);
				GCC_WARN_64_TO_32_BIT_CONVERSION = YES;
				GCC_WARN_ABOUT_RETURN_TYPE = YES_ERROR;
				GCC_WARN_UNDECLARED_SELECTOR = YES;
				GCC_WARN_UNINITIALIZED_AUTOS = YES_AGGRESSIVE;
				GCC_WARN_UNUSED_FUNCTION = YES;
				GCC_WARN_UNUSED_VARIABLE = YES;
				IPHONEOS_DEPLOYMENT_TARGET = 14.5;
				MTL_ENABLE_DEBUG_INFO = INCLUDE_SOURCE;
				MTL_FAST_MATH = YES;
				ONLY_ACTIVE_ARCH = YES;
				SDKROOT = iphoneos;
				SWIFT_ACTIVE_COMPILATION_CONDITIONS = DEBUG;
				SWIFT_OPTIMIZATION_LEVEL = "-Onone";
			};
			name = Debug;
		};
		659FFA2C264EB0C30063B962 /* Release */ = {
			isa = XCBuildConfiguration;
			buildSettings = {
				ALWAYS_SEARCH_USER_PATHS = NO;
				CLANG_ANALYZER_NONNULL = YES;
				CLANG_ANALYZER_NUMBER_OBJECT_CONVERSION = YES_AGGRESSIVE;
				CLANG_CXX_LANGUAGE_STANDARD = "gnu++14";
				CLANG_CXX_LIBRARY = "libc++";
				CLANG_ENABLE_MODULES = YES;
				CLANG_ENABLE_OBJC_ARC = YES;
				CLANG_ENABLE_OBJC_WEAK = YES;
				CLANG_WARN_BLOCK_CAPTURE_AUTORELEASING = YES;
				CLANG_WARN_BOOL_CONVERSION = YES;
				CLANG_WARN_COMMA = YES;
				CLANG_WARN_CONSTANT_CONVERSION = YES;
				CLANG_WARN_DEPRECATED_OBJC_IMPLEMENTATIONS = YES;
				CLANG_WARN_DIRECT_OBJC_ISA_USAGE = YES_ERROR;
				CLANG_WARN_DOCUMENTATION_COMMENTS = YES;
				CLANG_WARN_EMPTY_BODY = YES;
				CLANG_WARN_ENUM_CONVERSION = YES;
				CLANG_WARN_INFINITE_RECURSION = YES;
				CLANG_WARN_INT_CONVERSION = YES;
				CLANG_WARN_NON_LITERAL_NULL_CONVERSION = YES;
				CLANG_WARN_OBJC_IMPLICIT_RETAIN_SELF = YES;
				CLANG_WARN_OBJC_LITERAL_CONVERSION = YES;
				CLANG_WARN_OBJC_ROOT_CLASS = YES_ERROR;
				CLANG_WARN_QUOTED_INCLUDE_IN_FRAMEWORK_HEADER = YES;
				CLANG_WARN_RANGE_LOOP_ANALYSIS = YES;
				CLANG_WARN_STRICT_PROTOTYPES = YES;
				CLANG_WARN_SUSPICIOUS_MOVE = YES;
				CLANG_WARN_UNGUARDED_AVAILABILITY = YES_AGGRESSIVE;
				CLANG_WARN_UNREACHABLE_CODE = YES;
				CLANG_WARN__DUPLICATE_METHOD_MATCH = YES;
				COPY_PHASE_STRIP = NO;
				DEBUG_INFORMATION_FORMAT = "dwarf-with-dsym";
				ENABLE_NS_ASSERTIONS = NO;
				ENABLE_STRICT_OBJC_MSGSEND = YES;
				GCC_C_LANGUAGE_STANDARD = gnu11;
				GCC_NO_COMMON_BLOCKS = YES;
				GCC_WARN_64_TO_32_BIT_CONVERSION = YES;
				GCC_WARN_ABOUT_RETURN_TYPE = YES_ERROR;
				GCC_WARN_UNDECLARED_SELECTOR = YES;
				GCC_WARN_UNINITIALIZED_AUTOS = YES_AGGRESSIVE;
				GCC_WARN_UNUSED_FUNCTION = YES;
				GCC_WARN_UNUSED_VARIABLE = YES;
				IPHONEOS_DEPLOYMENT_TARGET = 14.5;
				MTL_ENABLE_DEBUG_INFO = NO;
				MTL_FAST_MATH = YES;
				SDKROOT = iphoneos;
				SWIFT_COMPILATION_MODE = wholemodule;
				SWIFT_OPTIMIZATION_LEVEL = "-O";
				VALIDATE_PRODUCT = YES;
			};
			name = Release;
		};
		659FFA2E264EB0C30063B962 /* Debug */ = {
			isa = XCBuildConfiguration;
			baseConfigurationReference = 678C7841123DD47258F120D8 /* Pods-GithubSearch.debug.xcconfig */;
			buildSettings = {
				ASSETCATALOG_COMPILER_APPICON_NAME = AppIcon;
				ASSETCATALOG_COMPILER_GLOBAL_ACCENT_COLOR_NAME = AccentColor;
				CODE_SIGN_STYLE = Automatic;
				INFOPLIST_FILE = GithubSearch/Info.plist;
				LD_RUNPATH_SEARCH_PATHS = (
					"$(inherited)",
					"@executable_path/Frameworks",
				);
				PRODUCT_BUNDLE_IDENTIFIER = com.kuanwei.GithubSearch;
				PRODUCT_NAME = "$(TARGET_NAME)";
				SWIFT_VERSION = 5.0;
				TARGETED_DEVICE_FAMILY = "1,2";
			};
			name = Debug;
		};
		659FFA2F264EB0C30063B962 /* Release */ = {
			isa = XCBuildConfiguration;
			baseConfigurationReference = 582EB0FCA6004FE0D845BC3B /* Pods-GithubSearch.release.xcconfig */;
			buildSettings = {
				ASSETCATALOG_COMPILER_APPICON_NAME = AppIcon;
				ASSETCATALOG_COMPILER_GLOBAL_ACCENT_COLOR_NAME = AccentColor;
				CODE_SIGN_STYLE = Automatic;
				INFOPLIST_FILE = GithubSearch/Info.plist;
				LD_RUNPATH_SEARCH_PATHS = (
					"$(inherited)",
					"@executable_path/Frameworks",
				);
				PRODUCT_BUNDLE_IDENTIFIER = com.kuanwei.GithubSearch;
				PRODUCT_NAME = "$(TARGET_NAME)";
				SWIFT_VERSION = 5.0;
				TARGETED_DEVICE_FAMILY = "1,2";
			};
			name = Release;
		};
		659FFA31264EB0C30063B962 /* Debug */ = {
			isa = XCBuildConfiguration;
			baseConfigurationReference = 18558F02920734EA85F0F085 /* Pods-GithubSearchTests.debug.xcconfig */;
			buildSettings = {
				ALWAYS_EMBED_SWIFT_STANDARD_LIBRARIES = YES;
				BUNDLE_LOADER = "$(TEST_HOST)";
				CODE_SIGN_STYLE = Automatic;
				INFOPLIST_FILE = GithubSearchTests/Info.plist;
				IPHONEOS_DEPLOYMENT_TARGET = 14.5;
				LD_RUNPATH_SEARCH_PATHS = (
					"$(inherited)",
					"@executable_path/Frameworks",
					"@loader_path/Frameworks",
				);
				PRODUCT_BUNDLE_IDENTIFIER = com.kuanwei.GithubSearchTests;
				PRODUCT_NAME = "$(TARGET_NAME)";
				SWIFT_VERSION = 5.0;
				TARGETED_DEVICE_FAMILY = "1,2";
				TEST_HOST = "$(BUILT_PRODUCTS_DIR)/GithubSearch.app/GithubSearch";
			};
			name = Debug;
		};
		659FFA32264EB0C30063B962 /* Release */ = {
			isa = XCBuildConfiguration;
			baseConfigurationReference = E3A0100380F0E6E44411CC96 /* Pods-GithubSearchTests.release.xcconfig */;
			buildSettings = {
				ALWAYS_EMBED_SWIFT_STANDARD_LIBRARIES = YES;
				BUNDLE_LOADER = "$(TEST_HOST)";
				CODE_SIGN_STYLE = Automatic;
				INFOPLIST_FILE = GithubSearchTests/Info.plist;
				IPHONEOS_DEPLOYMENT_TARGET = 14.5;
				LD_RUNPATH_SEARCH_PATHS = (
					"$(inherited)",
					"@executable_path/Frameworks",
					"@loader_path/Frameworks",
				);
				PRODUCT_BUNDLE_IDENTIFIER = com.kuanwei.GithubSearchTests;
				PRODUCT_NAME = "$(TARGET_NAME)";
				SWIFT_VERSION = 5.0;
				TARGETED_DEVICE_FAMILY = "1,2";
				TEST_HOST = "$(BUILT_PRODUCTS_DIR)/GithubSearch.app/GithubSearch";
			};
			name = Release;
		};
		659FFA34264EB0C30063B962 /* Debug */ = {
			isa = XCBuildConfiguration;
			baseConfigurationReference = 6EE223E0D6ECB6DF570B5260 /* Pods-GithubSearch-GithubSearchUITests.debug.xcconfig */;
			buildSettings = {
				ALWAYS_EMBED_SWIFT_STANDARD_LIBRARIES = YES;
				CODE_SIGN_STYLE = Automatic;
				INFOPLIST_FILE = GithubSearchUITests/Info.plist;
				LD_RUNPATH_SEARCH_PATHS = (
					"$(inherited)",
					"@executable_path/Frameworks",
					"@loader_path/Frameworks",
				);
				PRODUCT_BUNDLE_IDENTIFIER = com.kuanwei.GithubSearchUITests;
				PRODUCT_NAME = "$(TARGET_NAME)";
				SWIFT_VERSION = 5.0;
				TARGETED_DEVICE_FAMILY = "1,2";
				TEST_TARGET_NAME = GithubSearch;
			};
			name = Debug;
		};
		659FFA35264EB0C30063B962 /* Release */ = {
			isa = XCBuildConfiguration;
			baseConfigurationReference = 97854BE3D45E375F687FA3D8 /* Pods-GithubSearch-GithubSearchUITests.release.xcconfig */;
			buildSettings = {
				ALWAYS_EMBED_SWIFT_STANDARD_LIBRARIES = YES;
				CODE_SIGN_STYLE = Automatic;
				INFOPLIST_FILE = GithubSearchUITests/Info.plist;
				LD_RUNPATH_SEARCH_PATHS = (
					"$(inherited)",
					"@executable_path/Frameworks",
					"@loader_path/Frameworks",
				);
				PRODUCT_BUNDLE_IDENTIFIER = com.kuanwei.GithubSearchUITests;
				PRODUCT_NAME = "$(TARGET_NAME)";
				SWIFT_VERSION = 5.0;
				TARGETED_DEVICE_FAMILY = "1,2";
				TEST_TARGET_NAME = GithubSearch;
			};
			name = Release;
		};
/* End XCBuildConfiguration section */

/* Begin XCConfigurationList section */
		659FF9FE264EB0C00063B962 /* Build configuration list for PBXProject "GithubSearch" */ = {
			isa = XCConfigurationList;
			buildConfigurations = (
				659FFA2B264EB0C30063B962 /* Debug */,
				659FFA2C264EB0C30063B962 /* Release */,
			);
			defaultConfigurationIsVisible = 0;
			defaultConfigurationName = Release;
		};
		659FFA2D264EB0C30063B962 /* Build configuration list for PBXNativeTarget "GithubSearch" */ = {
			isa = XCConfigurationList;
			buildConfigurations = (
				659FFA2E264EB0C30063B962 /* Debug */,
				659FFA2F264EB0C30063B962 /* Release */,
			);
			defaultConfigurationIsVisible = 0;
			defaultConfigurationName = Release;
		};
		659FFA30264EB0C30063B962 /* Build configuration list for PBXNativeTarget "GithubSearchTests" */ = {
			isa = XCConfigurationList;
			buildConfigurations = (
				659FFA31264EB0C30063B962 /* Debug */,
				659FFA32264EB0C30063B962 /* Release */,
			);
			defaultConfigurationIsVisible = 0;
			defaultConfigurationName = Release;
		};
		659FFA33264EB0C30063B962 /* Build configuration list for PBXNativeTarget "GithubSearchUITests" */ = {
			isa = XCConfigurationList;
			buildConfigurations = (
				659FFA34264EB0C30063B962 /* Debug */,
				659FFA35264EB0C30063B962 /* Release */,
			);
			defaultConfigurationIsVisible = 0;
			defaultConfigurationName = Release;
		};
/* End XCConfigurationList section */
	};
	rootObject = 659FF9FB264EB0C00063B962 /* Project object */;
}
